// !$*UTF8*$!
{
	archiveVersion = 1;
	classes = {
	};
	objectVersion = 56;
	objects = {

/* Begin PBXBuildFile section */
		AC60FA6E2A4464CD00E6FD1A /* AppDelegate.swift in Sources */ = {isa = PBXBuildFile; fileRef = AC60FA6D2A4464CD00E6FD1A /* AppDelegate.swift */; };
		AC60FA702A4464CD00E6FD1A /* SceneDelegate.swift in Sources */ = {isa = PBXBuildFile; fileRef = AC60FA6F2A4464CD00E6FD1A /* SceneDelegate.swift */; };
		AC60FA722A4464CD00E6FD1A /* ViewController.swift in Sources */ = {isa = PBXBuildFile; fileRef = AC60FA712A4464CD00E6FD1A /* ViewController.swift */; };
		AC60FA752A4464CD00E6FD1A /* Main.storyboard in Resources */ = {isa = PBXBuildFile; fileRef = AC60FA732A4464CD00E6FD1A /* Main.storyboard */; };
		AC60FA772A4464CE00E6FD1A /* Assets.xcassets in Resources */ = {isa = PBXBuildFile; fileRef = AC60FA762A4464CE00E6FD1A /* Assets.xcassets */; };
		AC60FA7A2A4464CE00E6FD1A /* LaunchScreen.storyboard in Resources */ = {isa = PBXBuildFile; fileRef = AC60FA782A4464CE00E6FD1A /* LaunchScreen.storyboard */; };
		AC60FA872A45AFB200E6FD1A /* CustomLabels.swift in Sources */ = {isa = PBXBuildFile; fileRef = AC60FA862A45AFB200E6FD1A /* CustomLabels.swift */; };
		AC60FA892A47102D00E6FD1A /* CustomButtons.swift in Sources */ = {isa = PBXBuildFile; fileRef = AC60FA882A47102D00E6FD1A /* CustomButtons.swift */; };
/* End PBXBuildFile section */

/* Begin PBXFileReference section */
		AC60FA6A2A4464CD00E6FD1A /* HabitTracker.app */ = {isa = PBXFileReference; explicitFileType = wrapper.application; includeInIndex = 0; path = HabitTracker.app; sourceTree = BUILT_PRODUCTS_DIR; };
		AC60FA6D2A4464CD00E6FD1A /* AppDelegate.swift */ = {isa = PBXFileReference; lastKnownFileType = sourcecode.swift; path = AppDelegate.swift; sourceTree = "<group>"; };
		AC60FA6F2A4464CD00E6FD1A /* SceneDelegate.swift */ = {isa = PBXFileReference; lastKnownFileType = sourcecode.swift; path = SceneDelegate.swift; sourceTree = "<group>"; };
		AC60FA712A4464CD00E6FD1A /* ViewController.swift */ = {isa = PBXFileReference; lastKnownFileType = sourcecode.swift; path = ViewController.swift; sourceTree = "<group>"; };
		AC60FA742A4464CD00E6FD1A /* Base */ = {isa = PBXFileReference; lastKnownFileType = file.storyboard; name = Base; path = Base.lproj/Main.storyboard; sourceTree = "<group>"; };
		AC60FA762A4464CE00E6FD1A /* Assets.xcassets */ = {isa = PBXFileReference; lastKnownFileType = folder.assetcatalog; path = Assets.xcassets; sourceTree = "<group>"; };
		AC60FA792A4464CE00E6FD1A /* Base */ = {isa = PBXFileReference; lastKnownFileType = file.storyboard; name = Base; path = Base.lproj/LaunchScreen.storyboard; sourceTree = "<group>"; };
		AC60FA7B2A4464CE00E6FD1A /* Info.plist */ = {isa = PBXFileReference; lastKnownFileType = text.plist.xml; path = Info.plist; sourceTree = "<group>"; };
		AC60FA862A45AFB200E6FD1A /* CustomLabels.swift */ = {isa = PBXFileReference; lastKnownFileType = sourcecode.swift; path = CustomLabels.swift; sourceTree = "<group>"; };
		AC60FA882A47102D00E6FD1A /* CustomButtons.swift */ = {isa = PBXFileReference; lastKnownFileType = sourcecode.swift; path = CustomButtons.swift; sourceTree = "<group>"; };
/* End PBXFileReference section */

/* Begin PBXFrameworksBuildPhase section */
		AC60FA672A4464CD00E6FD1A /* Frameworks */ = {
			isa = PBXFrameworksBuildPhase;
			buildActionMask = 2147483647;
			files = (
			);
			runOnlyForDeploymentPostprocessing = 0;
		};
/* End PBXFrameworksBuildPhase section */

/* Begin PBXGroup section */
		AC60FA612A4464CD00E6FD1A = {
			isa = PBXGroup;
			children = (
				AC60FA6C2A4464CD00E6FD1A /* HabitTracker */,
				AC60FA6B2A4464CD00E6FD1A /* Products */,
			);
			sourceTree = "<group>";
		};
		AC60FA6B2A4464CD00E6FD1A /* Products */ = {
			isa = PBXGroup;
			children = (
				AC60FA6A2A4464CD00E6FD1A /* HabitTracker.app */,
			);
			name = Products;
			sourceTree = "<group>";
		};
		AC60FA6C2A4464CD00E6FD1A /* HabitTracker */ = {
			isa = PBXGroup;
			children = (
				AC60FA812A44B8C200E6FD1A /* Service */,
				AC60FA822A44B8D200E6FD1A /* Presentation */,
				AC60FA6D2A4464CD00E6FD1A /* AppDelegate.swift */,
				AC60FA6F2A4464CD00E6FD1A /* SceneDelegate.swift */,
				AC60FA862A45AFB200E6FD1A /* CustomLabels.swift */,
				AC60FA882A47102D00E6FD1A /* CustomButtons.swift */,
				AC60FA732A4464CD00E6FD1A /* Main.storyboard */,
				AC60FA762A4464CE00E6FD1A /* Assets.xcassets */,
				AC60FA782A4464CE00E6FD1A /* LaunchScreen.storyboard */,
				AC60FA7B2A4464CE00E6FD1A /* Info.plist */,
			);
			path = HabitTracker;
			sourceTree = "<group>";
		};
		AC60FA812A44B8C200E6FD1A /* Service */ = {
			isa = PBXGroup;
			children = (
			);
			path = Service;
			sourceTree = "<group>";
		};
		AC60FA822A44B8D200E6FD1A /* Presentation */ = {
			isa = PBXGroup;
			children = (
				AC60FA832A44B92C00E6FD1A /* Registration */,
			);
			path = Presentation;
			sourceTree = "<group>";
		};
		AC60FA832A44B92C00E6FD1A /* Registration */ = {
			isa = PBXGroup;
			children = (
				AC60FA842A44B96000E6FD1A /* First */,
			);
			path = Registration;
			sourceTree = "<group>";
		};
		AC60FA842A44B96000E6FD1A /* First */ = {
			isa = PBXGroup;
			children = (
				AC60FA852A44B9BF00E6FD1A /* View */,
			);
			path = First;
			sourceTree = "<group>";
		};
		AC60FA852A44B9BF00E6FD1A /* View */ = {
			isa = PBXGroup;
			children = (
				AC60FA712A4464CD00E6FD1A /* ViewController.swift */,
			);
			path = View;
			sourceTree = "<group>";
		};
/* End PBXGroup section */

/* Begin PBXNativeTarget section */
		AC60FA692A4464CD00E6FD1A /* HabitTracker */ = {
			isa = PBXNativeTarget;
			buildConfigurationList = AC60FA7E2A4464CE00E6FD1A /* Build configuration list for PBXNativeTarget "HabitTracker" */;
			buildPhases = (
				AC60FA662A4464CD00E6FD1A /* Sources */,
				AC60FA672A4464CD00E6FD1A /* Frameworks */,
				AC60FA682A4464CD00E6FD1A /* Resources */,
			);
			buildRules = (
			);
			dependencies = (
			);
			name = HabitTracker;
			productName = HabitTracker;
			productReference = AC60FA6A2A4464CD00E6FD1A /* HabitTracker.app */;
			productType = "com.apple.product-type.application";
		};
/* End PBXNativeTarget section */

/* Begin PBXProject section */
		AC60FA622A4464CD00E6FD1A /* Project object */ = {
			isa = PBXProject;
			attributes = {
				BuildIndependentTargetsInParallel = 1;
				LastSwiftUpdateCheck = 1430;
				LastUpgradeCheck = 1430;
				TargetAttributes = {
					AC60FA692A4464CD00E6FD1A = {
						CreatedOnToolsVersion = 14.3;
					};
				};
			};
			buildConfigurationList = AC60FA652A4464CD00E6FD1A /* Build configuration list for PBXProject "HabitTracker" */;
			compatibilityVersion = "Xcode 14.0";
			developmentRegion = en;
			hasScannedForEncodings = 0;
			knownRegions = (
				en,
				Base,
			);
			mainGroup = AC60FA612A4464CD00E6FD1A;
			productRefGroup = AC60FA6B2A4464CD00E6FD1A /* Products */;
			projectDirPath = "";
			projectRoot = "";
			targets = (
				AC60FA692A4464CD00E6FD1A /* HabitTracker */,
			);
		};
/* End PBXProject section */

/* Begin PBXResourcesBuildPhase section */
		AC60FA682A4464CD00E6FD1A /* Resources */ = {
			isa = PBXResourcesBuildPhase;
			buildActionMask = 2147483647;
			files = (
				AC60FA7A2A4464CE00E6FD1A /* LaunchScreen.storyboard in Resources */,
				AC60FA772A4464CE00E6FD1A /* Assets.xcassets in Resources */,
				AC60FA752A4464CD00E6FD1A /* Main.storyboard in Resources */,
			);
			runOnlyForDeploymentPostprocessing = 0;
		};
/* End PBXResourcesBuildPhase section */

/* Begin PBXSourcesBuildPhase section */
		AC60FA662A4464CD00E6FD1A /* Sources */ = {
			isa = PBXSourcesBuildPhase;
			buildActionMask = 2147483647;
			files = (
				AC60FA722A4464CD00E6FD1A /* ViewController.swift in Sources */,
				AC60FA6E2A4464CD00E6FD1A /* AppDelegate.swift in Sources */,
				AC60FA702A4464CD00E6FD1A /* SceneDelegate.swift in Sources */,
				AC60FA872A45AFB200E6FD1A /* CustomLabels.swift in Sources */,
				AC60FA892A47102D00E6FD1A /* CustomButtons.swift in Sources */,
			);
			runOnlyForDeploymentPostprocessing = 0;
		};
/* End PBXSourcesBuildPhase section */

/* Begin PBXVariantGroup section */
		AC60FA732A4464CD00E6FD1A /* Main.storyboard */ = {
			isa = PBXVariantGroup;
			children = (
				AC60FA742A4464CD00E6FD1A /* Base */,
			);
			name = Main.storyboard;
			sourceTree = "<group>";
		};
		AC60FA782A4464CE00E6FD1A /* LaunchScreen.storyboard */ = {
			isa = PBXVariantGroup;
			children = (
				AC60FA792A4464CE00E6FD1A /* Base */,
			);
			name = LaunchScreen.storyboard;
			sourceTree = "<group>";
		};
/* End PBXVariantGroup section */

/* Begin XCBuildConfiguration section */
		AC60FA7C2A4464CE00E6FD1A /* Debug */ = {
			isa = XCBuildConfiguration;
			buildSettings = {
				ALWAYS_SEARCH_USER_PATHS = NO;
				CLANG_ANALYZER_NONNULL = YES;
				CLANG_ANALYZER_NUMBER_OBJECT_CONVERSION = YES_AGGRESSIVE;
				CLANG_CXX_LANGUAGE_STANDARD = "gnu++20";
				CLANG_ENABLE_MODULES = YES;
				CLANG_ENABLE_OBJC_ARC = YES;
				CLANG_ENABLE_OBJC_WEAK = YES;
				CLANG_WARN_BLOCK_CAPTURE_AUTORELEASING = YES;
				CLANG_WARN_BOOL_CONVERSION = YES;
				CLANG_WARN_COMMA = YES;
				CLANG_WARN_CONSTANT_CONVERSION = YES;
				CLANG_WARN_DEPRECATED_OBJC_IMPLEMENTATIONS = YES;
				CLANG_WARN_DIRECT_OBJC_ISA_USAGE = YES_ERROR;
				CLANG_WARN_DOCUMENTATION_COMMENTS = YES;
				CLANG_WARN_EMPTY_BODY = YES;
				CLANG_WARN_ENUM_CONVERSION = YES;
				CLANG_WARN_INFINITE_RECURSION = YES;
				CLANG_WARN_INT_CONVERSION = YES;
				CLANG_WARN_NON_LITERAL_NULL_CONVERSION = YES;
				CLANG_WARN_OBJC_IMPLICIT_RETAIN_SELF = YES;
				CLANG_WARN_OBJC_LITERAL_CONVERSION = YES;
				CLANG_WARN_OBJC_ROOT_CLASS = YES_ERROR;
				CLANG_WARN_QUOTED_INCLUDE_IN_FRAMEWORK_HEADER = YES;
				CLANG_WARN_RANGE_LOOP_ANALYSIS = YES;
				CLANG_WARN_STRICT_PROTOTYPES = YES;
				CLANG_WARN_SUSPICIOUS_MOVE = YES;
				CLANG_WARN_UNGUARDED_AVAILABILITY = YES_AGGRESSIVE;
				CLANG_WARN_UNREACHABLE_CODE = YES;
				CLANG_WARN__DUPLICATE_METHOD_MATCH = YES;
				COPY_PHASE_STRIP = NO;
				DEBUG_INFORMATION_FORMAT = dwarf;
				ENABLE_STRICT_OBJC_MSGSEND = YES;
				ENABLE_TESTABILITY = YES;
				GCC_C_LANGUAGE_STANDARD = gnu11;
				GCC_DYNAMIC_NO_PIC = NO;
				GCC_NO_COMMON_BLOCKS = YES;
				GCC_OPTIMIZATION_LEVEL = 0;
				GCC_PREPROCESSOR_DEFINITIONS = (
					"DEBUG=1",
					"$(inherited)",
				);
				GCC_WARN_64_TO_32_BIT_CONVERSION = YES;
				GCC_WARN_ABOUT_RETURN_TYPE = YES_ERROR;
				GCC_WARN_UNDECLARED_SELECTOR = YES;
				GCC_WARN_UNINITIALIZED_AUTOS = YES_AGGRESSIVE;
				GCC_WARN_UNUSED_FUNCTION = YES;
				GCC_WARN_UNUSED_VARIABLE = YES;
				IPHONEOS_DEPLOYMENT_TARGET = 16.4;
				MTL_ENABLE_DEBUG_INFO = INCLUDE_SOURCE;
				MTL_FAST_MATH = YES;
				ONLY_ACTIVE_ARCH = YES;
				SDKROOT = iphoneos;
				SWIFT_ACTIVE_COMPILATION_CONDITIONS = DEBUG;
				SWIFT_OPTIMIZATION_LEVEL = "-Onone";
			};
			name = Debug;
		};
		AC60FA7D2A4464CE00E6FD1A /* Release */ = {
			isa = XCBuildConfiguration;
			buildSettings = {
				ALWAYS_SEARCH_USER_PATHS = NO;
				CLANG_ANALYZER_NONNULL = YES;
				CLANG_ANALYZER_NUMBER_OBJECT_CONVERSION = YES_AGGRESSIVE;
				CLANG_CXX_LANGUAGE_STANDARD = "gnu++20";
				CLANG_ENABLE_MODULES = YES;
				CLANG_ENABLE_OBJC_ARC = YES;
				CLANG_ENABLE_OBJC_WEAK = YES;
				CLANG_WARN_BLOCK_CAPTURE_AUTORELEASING = YES;
				CLANG_WARN_BOOL_CONVERSION = YES;
				CLANG_WARN_COMMA = YES;
				CLANG_WARN_CONSTANT_CONVERSION = YES;
				CLANG_WARN_DEPRECATED_OBJC_IMPLEMENTATIONS = YES;
				CLANG_WARN_DIRECT_OBJC_ISA_USAGE = YES_ERROR;
				CLANG_WARN_DOCUMENTATION_COMMENTS = YES;
				CLANG_WARN_EMPTY_BODY = YES;
				CLANG_WARN_ENUM_CONVERSION = YES;
				CLANG_WARN_INFINITE_RECURSION = YES;
				CLANG_WARN_INT_CONVERSION = YES;
				CLANG_WARN_NON_LITERAL_NULL_CONVERSION = YES;
				CLANG_WARN_OBJC_IMPLICIT_RETAIN_SELF = YES;
				CLANG_WARN_OBJC_LITERAL_CONVERSION = YES;
				CLANG_WARN_OBJC_ROOT_CLASS = YES_ERROR;
				CLANG_WARN_QUOTED_INCLUDE_IN_FRAMEWORK_HEADER = YES;
				CLANG_WARN_RANGE_LOOP_ANALYSIS = YES;
				CLANG_WARN_STRICT_PROTOTYPES = YES;
				CLANG_WARN_SUSPICIOUS_MOVE = YES;
				CLANG_WARN_UNGUARDED_AVAILABILITY = YES_AGGRESSIVE;
				CLANG_WARN_UNREACHABLE_CODE = YES;
				CLANG_WARN__DUPLICATE_METHOD_MATCH = YES;
				COPY_PHASE_STRIP = NO;
				DEBUG_INFORMATION_FORMAT = "dwarf-with-dsym";
				ENABLE_NS_ASSERTIONS = NO;
				ENABLE_STRICT_OBJC_MSGSEND = YES;
				GCC_C_LANGUAGE_STANDARD = gnu11;
				GCC_NO_COMMON_BLOCKS = YES;
				GCC_WARN_64_TO_32_BIT_CONVERSION = YES;
				GCC_WARN_ABOUT_RETURN_TYPE = YES_ERROR;
				GCC_WARN_UNDECLARED_SELECTOR = YES;
				GCC_WARN_UNINITIALIZED_AUTOS = YES_AGGRESSIVE;
				GCC_WARN_UNUSED_FUNCTION = YES;
				GCC_WARN_UNUSED_VARIABLE = YES;
				IPHONEOS_DEPLOYMENT_TARGET = 16.4;
				MTL_ENABLE_DEBUG_INFO = NO;
				MTL_FAST_MATH = YES;
				SDKROOT = iphoneos;
				SWIFT_COMPILATION_MODE = wholemodule;
				SWIFT_OPTIMIZATION_LEVEL = "-O";
				VALIDATE_PRODUCT = YES;
			};
			name = Release;
		};
		AC60FA7F2A4464CE00E6FD1A /* Debug */ = {
			isa = XCBuildConfiguration;
			buildSettings = {
				ASSETCATALOG_COMPILER_APPICON_NAME = AppIcon;
				ASSETCATALOG_COMPILER_GLOBAL_ACCENT_COLOR_NAME = AccentColor;
				CODE_SIGN_STYLE = Automatic;
				CURRENT_PROJECT_VERSION = 1;
				GENERATE_INFOPLIST_FILE = YES;
				INFOPLIST_FILE = HabitTracker/Info.plist;
				INFOPLIST_KEY_UIApplicationSupportsIndirectInputEvents = YES;
				INFOPLIST_KEY_UILaunchStoryboardName = LaunchScreen;
				INFOPLIST_KEY_UIMainStoryboardFile = Main;
				INFOPLIST_KEY_UISupportedInterfaceOrientations_iPad = "UIInterfaceOrientationPortrait UIInterfaceOrientationPortraitUpsideDown UIInterfaceOrientationLandscapeLeft UIInterfaceOrientationLandscapeRight";
				INFOPLIST_KEY_UISupportedInterfaceOrientations_iPhone = "UIInterfaceOrientationPortrait UIInterfaceOrientationLandscapeLeft UIInterfaceOrientationLandscapeRight";
				LD_RUNPATH_SEARCH_PATHS = (
					"$(inherited)",
					"@executable_path/Frameworks",
				);
				MARKETING_VERSION = 1.0;
				PRODUCT_BUNDLE_IDENTIFIER = test.HabitTracker;
				PRODUCT_NAME = "$(TARGET_NAME)";
				SWIFT_EMIT_LOC_STRINGS = YES;
				SWIFT_VERSION = 5.0;
				TARGETED_DEVICE_FAMILY = "1,2";
			};
			name = Debug;
		};
		AC60FA802A4464CE00E6FD1A /* Release */ = {
			isa = XCBuildConfiguration;
			buildSettings = {
				ASSETCATALOG_COMPILER_APPICON_NAME = AppIcon;
				ASSETCATALOG_COMPILER_GLOBAL_ACCENT_COLOR_NAME = AccentColor;
				CODE_SIGN_STYLE = Automatic;
				CURRENT_PROJECT_VERSION = 1;
				GENERATE_INFOPLIST_FILE = YES;
				INFOPLIST_FILE = HabitTracker/Info.plist;
				INFOPLIST_KEY_UIApplicationSupportsIndirectInputEvents = YES;
				INFOPLIST_KEY_UILaunchStoryboardName = LaunchScreen;
				INFOPLIST_KEY_UIMainStoryboardFile = Main;
				INFOPLIST_KEY_UISupportedInterfaceOrientations_iPad = "UIInterfaceOrientationPortrait UIInterfaceOrientationPortraitUpsideDown UIInterfaceOrientationLandscapeLeft UIInterfaceOrientationLandscapeRight";
				INFOPLIST_KEY_UISupportedInterfaceOrientations_iPhone = "UIInterfaceOrientationPortrait UIInterfaceOrientationLandscapeLeft UIInterfaceOrientationLandscapeRight";
				LD_RUNPATH_SEARCH_PATHS = (
					"$(inherited)",
					"@executable_path/Frameworks",
				);
				MARKETING_VERSION = 1.0;
				PRODUCT_BUNDLE_IDENTIFIER = test.HabitTracker;
				PRODUCT_NAME = "$(TARGET_NAME)";
				SWIFT_EMIT_LOC_STRINGS = YES;
				SWIFT_VERSION = 5.0;
				TARGETED_DEVICE_FAMILY = "1,2";
			};
			name = Release;
		};
/* End XCBuildConfiguration section */

/* Begin XCConfigurationList section */
		AC60FA652A4464CD00E6FD1A /* Build configuration list for PBXProject "HabitTracker" */ = {
			isa = XCConfigurationList;
			buildConfigurations = (
				AC60FA7C2A4464CE00E6FD1A /* Debug */,
				AC60FA7D2A4464CE00E6FD1A /* Release */,
			);
			defaultConfigurationIsVisible = 0;
			defaultConfigurationName = Release;
		};
		AC60FA7E2A4464CE00E6FD1A /* Build configuration list for PBXNativeTarget "HabitTracker" */ = {
			isa = XCConfigurationList;
			buildConfigurations = (
				AC60FA7F2A4464CE00E6FD1A /* Debug */,
				AC60FA802A4464CE00E6FD1A /* Release */,
			);
			defaultConfigurationIsVisible = 0;
			defaultConfigurationName = Release;
		};
/* End XCConfigurationList section */
	};
	rootObject = AC60FA622A4464CD00E6FD1A /* Project object */;
}
