// !$*UTF8*$!
{
	archiveVersion = 1;
	classes = {
	};
	objectVersion = 56;
	objects = {

/* Begin PBXBuildFile section */
		15C3404A2AB7017400471019 /* Realm in Frameworks */ = {isa = PBXBuildFile; productRef = 15C340492AB7017400471019 /* Realm */; };
		15C3404C2AB7017400471019 /* RealmSwift in Frameworks */ = {isa = PBXBuildFile; productRef = 15C3404B2AB7017400471019 /* RealmSwift */; };
		15C340502AB7019000471019 /* User.swift in Sources */ = {isa = PBXBuildFile; fileRef = 15C3404F2AB7019000471019 /* User.swift */; };
		15D763292AC9B3040025DBC4 /* CalendarItemTableCellBuilder.swift in Sources */ = {isa = PBXBuildFile; fileRef = 15D763282AC9B3040025DBC4 /* CalendarItemTableCellBuilder.swift */; };
		15F7CE442A4844CE00F6041F /* WelcomePresenter.swift in Sources */ = {isa = PBXBuildFile; fileRef = 15F7CE432A4844CE00F6041F /* WelcomePresenter.swift */; };
		15F7CE462A48463700F6041F /* WelcomeViewInput.swift in Sources */ = {isa = PBXBuildFile; fileRef = 15F7CE452A48463600F6041F /* WelcomeViewInput.swift */; };
		15F7CE482A48464200F6041F /* WelcomeViewOutput.swift in Sources */ = {isa = PBXBuildFile; fileRef = 15F7CE472A48464200F6041F /* WelcomeViewOutput.swift */; };
		15F7CE4A2A48469400F6041F /* WelcomePresenterInput.swift in Sources */ = {isa = PBXBuildFile; fileRef = 15F7CE492A48469400F6041F /* WelcomePresenterInput.swift */; };
		15F7CE4C2A4846A200F6041F /* WelcomePresenterOutput.swift in Sources */ = {isa = PBXBuildFile; fileRef = 15F7CE4B2A4846A200F6041F /* WelcomePresenterOutput.swift */; };
		15F7CE4E2A4846EA00F6041F /* WelcomeInteractor.swift in Sources */ = {isa = PBXBuildFile; fileRef = 15F7CE4D2A4846EA00F6041F /* WelcomeInteractor.swift */; };
		15F7CE502A48476100F6041F /* WelcomeInteractorInput.swift in Sources */ = {isa = PBXBuildFile; fileRef = 15F7CE4F2A48476100F6041F /* WelcomeInteractorInput.swift */; };
		15F7CE522A48476A00F6041F /* WelcomeInteractorOutput.swift in Sources */ = {isa = PBXBuildFile; fileRef = 15F7CE512A48476A00F6041F /* WelcomeInteractorOutput.swift */; };
		15F7CE542A48488000F6041F /* WelcomeRouter.swift in Sources */ = {isa = PBXBuildFile; fileRef = 15F7CE532A48488000F6041F /* WelcomeRouter.swift */; };
		15F7CE562A48489100F6041F /* WelcomeRouterInput.swift in Sources */ = {isa = PBXBuildFile; fileRef = 15F7CE552A48489100F6041F /* WelcomeRouterInput.swift */; };
		15F7CE582A48489A00F6041F /* WelcomeRouterOutput.swift in Sources */ = {isa = PBXBuildFile; fileRef = 15F7CE572A48489A00F6041F /* WelcomeRouterOutput.swift */; };
		15F7CE5B2A484ACB00F6041F /* WelcomeConfigurator.swift in Sources */ = {isa = PBXBuildFile; fileRef = 15F7CE5A2A484ACB00F6041F /* WelcomeConfigurator.swift */; };
		AC004E302AD1C49A000B50DA /* MultiStepTableViewCell.swift in Sources */ = {isa = PBXBuildFile; fileRef = AC004E2F2AD1C49A000B50DA /* MultiStepTableViewCell.swift */; };
		AC004F722AD6F4EE000B50DA /* BuilderProtocol.swift in Sources */ = {isa = PBXBuildFile; fileRef = AC004F712AD6F4EE000B50DA /* BuilderProtocol.swift */; };
		AC004F752AD8549D000B50DA /* MultiStepBuilder.swift in Sources */ = {isa = PBXBuildFile; fileRef = AC004F742AD8549D000B50DA /* MultiStepBuilder.swift */; };
		AC004F772AE2C9B2000B50DA /* CheckBox.swift in Sources */ = {isa = PBXBuildFile; fileRef = AC004F762AE2C9B2000B50DA /* CheckBox.swift */; };
		AC004F7F2AF517C6000B50DA /* NewHabitView.swift in Sources */ = {isa = PBXBuildFile; fileRef = AC004F7E2AF517C6000B50DA /* NewHabitView.swift */; };
		AC004F812AF517D6000B50DA /* NewHabitViewInput.swift in Sources */ = {isa = PBXBuildFile; fileRef = AC004F802AF517D6000B50DA /* NewHabitViewInput.swift */; };
		AC004F832AF517E0000B50DA /* NewHabitViewOutput.swift in Sources */ = {isa = PBXBuildFile; fileRef = AC004F822AF517E0000B50DA /* NewHabitViewOutput.swift */; };
		AC004F852AF51800000B50DA /* NewHabitRouter.swift in Sources */ = {isa = PBXBuildFile; fileRef = AC004F842AF51800000B50DA /* NewHabitRouter.swift */; };
		AC004F872AF5180C000B50DA /* NewHabitRouterInput.swift in Sources */ = {isa = PBXBuildFile; fileRef = AC004F862AF5180C000B50DA /* NewHabitRouterInput.swift */; };
		AC004F892AF51814000B50DA /* NewHabitRouterOutput.swift in Sources */ = {isa = PBXBuildFile; fileRef = AC004F882AF51814000B50DA /* NewHabitRouterOutput.swift */; };
		AC004F8B2AF51834000B50DA /* NewHabitPresenter.swift in Sources */ = {isa = PBXBuildFile; fileRef = AC004F8A2AF51834000B50DA /* NewHabitPresenter.swift */; };
		AC004F8D2AF5183E000B50DA /* NewHabitPresenterInput.swift in Sources */ = {isa = PBXBuildFile; fileRef = AC004F8C2AF5183E000B50DA /* NewHabitPresenterInput.swift */; };
		AC004F8F2AF51846000B50DA /* NewHabitPresenterOutput.swift in Sources */ = {isa = PBXBuildFile; fileRef = AC004F8E2AF51846000B50DA /* NewHabitPresenterOutput.swift */; };
		AC004F912AF51852000B50DA /* NewHabitInteractor.swift in Sources */ = {isa = PBXBuildFile; fileRef = AC004F902AF51852000B50DA /* NewHabitInteractor.swift */; };
		AC004F932AF51861000B50DA /* NewHabitInteractorInput.swift in Sources */ = {isa = PBXBuildFile; fileRef = AC004F922AF51861000B50DA /* NewHabitInteractorInput.swift */; };
		AC004F952AF5186D000B50DA /* NewHabitInteractorOutput.swift in Sources */ = {isa = PBXBuildFile; fileRef = AC004F942AF5186D000B50DA /* NewHabitInteractorOutput.swift */; };
		AC004F982AF51894000B50DA /* NewHabitConfigurator.swift in Sources */ = {isa = PBXBuildFile; fileRef = AC004F972AF51894000B50DA /* NewHabitConfigurator.swift */; };
		AC004F9B2AF52378000B50DA /* NewHabitTableViewAdapter.swift in Sources */ = {isa = PBXBuildFile; fileRef = AC004F9A2AF52378000B50DA /* NewHabitTableViewAdapter.swift */; };
		AC004F9E2AF527B6000B50DA /* NewHabitTableCell.swift in Sources */ = {isa = PBXBuildFile; fileRef = AC004F9D2AF527B6000B50DA /* NewHabitTableCell.swift */; };
		AC60FA6E2A4464CD00E6FD1A /* AppDelegate.swift in Sources */ = {isa = PBXBuildFile; fileRef = AC60FA6D2A4464CD00E6FD1A /* AppDelegate.swift */; };
		AC60FA702A4464CD00E6FD1A /* SceneDelegate.swift in Sources */ = {isa = PBXBuildFile; fileRef = AC60FA6F2A4464CD00E6FD1A /* SceneDelegate.swift */; };
		AC60FA722A4464CD00E6FD1A /* WelcomeView.swift in Sources */ = {isa = PBXBuildFile; fileRef = AC60FA712A4464CD00E6FD1A /* WelcomeView.swift */; };
		AC60FA752A4464CD00E6FD1A /* Main.storyboard in Resources */ = {isa = PBXBuildFile; fileRef = AC60FA732A4464CD00E6FD1A /* Main.storyboard */; };
		AC60FA772A4464CE00E6FD1A /* Assets.xcassets in Resources */ = {isa = PBXBuildFile; fileRef = AC60FA762A4464CE00E6FD1A /* Assets.xcassets */; };
		AC60FA7A2A4464CE00E6FD1A /* LaunchScreen.storyboard in Resources */ = {isa = PBXBuildFile; fileRef = AC60FA782A4464CE00E6FD1A /* LaunchScreen.storyboard */; };
		AC60FA872A45AFB200E6FD1A /* StyledLabel.swift in Sources */ = {isa = PBXBuildFile; fileRef = AC60FA862A45AFB200E6FD1A /* StyledLabel.swift */; };
		AC60FA892A47102D00E6FD1A /* CustomButtons.swift in Sources */ = {isa = PBXBuildFile; fileRef = AC60FA882A47102D00E6FD1A /* CustomButtons.swift */; };
		AC60FA912A4A005B00E6FD1A /* InformationView.swift in Sources */ = {isa = PBXBuildFile; fileRef = AC60FA902A4A005B00E6FD1A /* InformationView.swift */; };
		AC60FA932A4A011300E6FD1A /* InformationViewInput.swift in Sources */ = {isa = PBXBuildFile; fileRef = AC60FA922A4A011300E6FD1A /* InformationViewInput.swift */; };
		AC60FA952A4A016B00E6FD1A /* InformationViewOutput.swift in Sources */ = {isa = PBXBuildFile; fileRef = AC60FA942A4A016B00E6FD1A /* InformationViewOutput.swift */; };
		AC60FA972A4B10E800E6FD1A /* InformationRouter.swift in Sources */ = {isa = PBXBuildFile; fileRef = AC60FA962A4B10E800E6FD1A /* InformationRouter.swift */; };
		AC60FA992A4B11B500E6FD1A /* InformationRouterInput.swift in Sources */ = {isa = PBXBuildFile; fileRef = AC60FA982A4B11B500E6FD1A /* InformationRouterInput.swift */; };
		AC60FA9B2A4B11F600E6FD1A /* InformationRouterOutput.swift in Sources */ = {isa = PBXBuildFile; fileRef = AC60FA9A2A4B11F600E6FD1A /* InformationRouterOutput.swift */; };
		AC60FA9D2A4B12EF00E6FD1A /* InformationPresenter.swift in Sources */ = {isa = PBXBuildFile; fileRef = AC60FA9C2A4B12EF00E6FD1A /* InformationPresenter.swift */; };
		AC60FA9F2A4B157F00E6FD1A /* InformationPresenterInput.swift in Sources */ = {isa = PBXBuildFile; fileRef = AC60FA9E2A4B157F00E6FD1A /* InformationPresenterInput.swift */; };
		AC60FAA12A4B15A600E6FD1A /* InformationPresenterOutput.swift in Sources */ = {isa = PBXBuildFile; fileRef = AC60FAA02A4B15A600E6FD1A /* InformationPresenterOutput.swift */; };
		AC60FAA32A4B161700E6FD1A /* InformationInteractor.swift in Sources */ = {isa = PBXBuildFile; fileRef = AC60FAA22A4B161700E6FD1A /* InformationInteractor.swift */; };
		AC60FAA52A4B169F00E6FD1A /* InformationInteractorInput.swift in Sources */ = {isa = PBXBuildFile; fileRef = AC60FAA42A4B169F00E6FD1A /* InformationInteractorInput.swift */; };
		AC60FAA72A4B16C300E6FD1A /* InformationInteractorOutput.swift in Sources */ = {isa = PBXBuildFile; fileRef = AC60FAA62A4B16C300E6FD1A /* InformationInteractorOutput.swift */; };
		AC60FAA92A4B171A00E6FD1A /* InformationConfigurator.swift in Sources */ = {isa = PBXBuildFile; fileRef = AC60FAA82A4B171A00E6FD1A /* InformationConfigurator.swift */; };
		AC60FAAB2A4C585200E6FD1A /* CustomTextFields.swift in Sources */ = {isa = PBXBuildFile; fileRef = AC60FAAA2A4C585200E6FD1A /* CustomTextFields.swift */; };
		AC60FAAD2A4C5BEF00E6FD1A /* DatePicker.swift in Sources */ = {isa = PBXBuildFile; fileRef = AC60FAAC2A4C5BEF00E6FD1A /* DatePicker.swift */; };
		AC60FAB52A4CA43400E6FD1A /* GenderView.swift in Sources */ = {isa = PBXBuildFile; fileRef = AC60FAB42A4CA43400E6FD1A /* GenderView.swift */; };
		AC60FAB72A4D742200E6FD1A /* GenderConfigurator.swift in Sources */ = {isa = PBXBuildFile; fileRef = AC60FAB62A4D742200E6FD1A /* GenderConfigurator.swift */; };
		AC60FAB92A4D74B100E6FD1A /* GenderRouter.swift in Sources */ = {isa = PBXBuildFile; fileRef = AC60FAB82A4D74B100E6FD1A /* GenderRouter.swift */; };
		AC60FABB2A4D755D00E6FD1A /* GenderRouterInput.swift in Sources */ = {isa = PBXBuildFile; fileRef = AC60FABA2A4D755D00E6FD1A /* GenderRouterInput.swift */; };
		AC60FABD2A4D759600E6FD1A /* GenderRouterOutput.swift in Sources */ = {isa = PBXBuildFile; fileRef = AC60FABC2A4D759600E6FD1A /* GenderRouterOutput.swift */; };
		AC60FABF2A4D75BA00E6FD1A /* GenderViewInput.swift in Sources */ = {isa = PBXBuildFile; fileRef = AC60FABE2A4D75BA00E6FD1A /* GenderViewInput.swift */; };
		AC60FAC12A4D75E800E6FD1A /* GenderViewOutput.swift in Sources */ = {isa = PBXBuildFile; fileRef = AC60FAC02A4D75E800E6FD1A /* GenderViewOutput.swift */; };
		AC60FAC32A4D76AF00E6FD1A /* GenderPresenter.swift in Sources */ = {isa = PBXBuildFile; fileRef = AC60FAC22A4D76AF00E6FD1A /* GenderPresenter.swift */; };
		AC60FAC52A4D77B400E6FD1A /* GenderPresenterInput.swift in Sources */ = {isa = PBXBuildFile; fileRef = AC60FAC42A4D77B400E6FD1A /* GenderPresenterInput.swift */; };
		AC60FAC72A4D77D200E6FD1A /* GenderPresenterOutput.swift in Sources */ = {isa = PBXBuildFile; fileRef = AC60FAC62A4D77D200E6FD1A /* GenderPresenterOutput.swift */; };
		AC60FAC92A4D77EE00E6FD1A /* GenderInteractor.swift in Sources */ = {isa = PBXBuildFile; fileRef = AC60FAC82A4D77EE00E6FD1A /* GenderInteractor.swift */; };
		AC60FACB2A4D788B00E6FD1A /* GenderInteractorInput.swift in Sources */ = {isa = PBXBuildFile; fileRef = AC60FACA2A4D788B00E6FD1A /* GenderInteractorInput.swift */; };
		AC60FACD2A4D78AF00E6FD1A /* GenderInteractorOutput.swift in Sources */ = {isa = PBXBuildFile; fileRef = AC60FACC2A4D78AF00E6FD1A /* GenderInteractorOutput.swift */; };
		AC60FAD22A4DDD9D00E6FD1A /* GenderItems.swift in Sources */ = {isa = PBXBuildFile; fileRef = AC60FAD12A4DDD9D00E6FD1A /* GenderItems.swift */; };
		AC60FADA2A501C8D00E6FD1A /* CongratsView.swift in Sources */ = {isa = PBXBuildFile; fileRef = AC60FAD92A501C8D00E6FD1A /* CongratsView.swift */; };
		AC60FADC2A501D5C00E6FD1A /* CongratsViewInput.swift in Sources */ = {isa = PBXBuildFile; fileRef = AC60FADB2A501D5C00E6FD1A /* CongratsViewInput.swift */; };
		AC60FADE2A501D8600E6FD1A /* CongratsViewOutput.swift in Sources */ = {isa = PBXBuildFile; fileRef = AC60FADD2A501D8600E6FD1A /* CongratsViewOutput.swift */; };
		AC60FAE02A501DED00E6FD1A /* CongratsRouter.swift in Sources */ = {isa = PBXBuildFile; fileRef = AC60FADF2A501DED00E6FD1A /* CongratsRouter.swift */; };
		AC60FAE22A501E9500E6FD1A /* CongratsRouterInput.swift in Sources */ = {isa = PBXBuildFile; fileRef = AC60FAE12A501E9500E6FD1A /* CongratsRouterInput.swift */; };
		AC60FAE42A501EB200E6FD1A /* CongratsRouterOutput.swift in Sources */ = {isa = PBXBuildFile; fileRef = AC60FAE32A501EB200E6FD1A /* CongratsRouterOutput.swift */; };
		AC60FAE62A501F2300E6FD1A /* CongratsPresenter.swift in Sources */ = {isa = PBXBuildFile; fileRef = AC60FAE52A501F2300E6FD1A /* CongratsPresenter.swift */; };
		AC60FAE82A502A3300E6FD1A /* CongratsPresenterInput.swift in Sources */ = {isa = PBXBuildFile; fileRef = AC60FAE72A502A3300E6FD1A /* CongratsPresenterInput.swift */; };
		AC60FAEA2A502A5100E6FD1A /* CongratsPresenterOutput.swift in Sources */ = {isa = PBXBuildFile; fileRef = AC60FAE92A502A5100E6FD1A /* CongratsPresenterOutput.swift */; };
		AC60FAEC2A502A8E00E6FD1A /* CongratsInteractor.swift in Sources */ = {isa = PBXBuildFile; fileRef = AC60FAEB2A502A8E00E6FD1A /* CongratsInteractor.swift */; };
		AC60FAEE2A502B3500E6FD1A /* CongratsInteractorInput.swift in Sources */ = {isa = PBXBuildFile; fileRef = AC60FAED2A502B3500E6FD1A /* CongratsInteractorInput.swift */; };
		AC60FAF02A502B5300E6FD1A /* CongratsInteractorOutput.swift in Sources */ = {isa = PBXBuildFile; fileRef = AC60FAEF2A502B5300E6FD1A /* CongratsInteractorOutput.swift */; };
		AC60FAF22A502B9C00E6FD1A /* CongratsConfigurator.swift in Sources */ = {isa = PBXBuildFile; fileRef = AC60FAF12A502B9C00E6FD1A /* CongratsConfigurator.swift */; };
		AC60FAF42A541F1800E6FD1A /* Enums.swift in Sources */ = {isa = PBXBuildFile; fileRef = AC60FAF32A541F1800E6FD1A /* Enums.swift */; };
		AC60FAFD2A5599AC00E6FD1A /* Extension + String.swift in Sources */ = {isa = PBXBuildFile; fileRef = AC60FAFC2A5599AC00E6FD1A /* Extension + String.swift */; };
		AC60FAFE2A559A6F00E6FD1A /* Localizable.strings in Resources */ = {isa = PBXBuildFile; fileRef = AC60FB002A559A6F00E6FD1A /* Localizable.strings */; };
		AC60FB032A55AA9D00E6FD1A /* GenderCollectionViewAdapter.swift in Sources */ = {isa = PBXBuildFile; fileRef = AC60FB022A55AA9D00E6FD1A /* GenderCollectionViewAdapter.swift */; };
		AC60FB082A56B6F300E6FD1A /* CustomTextFieldValidator.swift in Sources */ = {isa = PBXBuildFile; fileRef = AC60FB072A56B6F300E6FD1A /* CustomTextFieldValidator.swift */; };
		AC60FB0A2A594F7200E6FD1A /* GenderCollectionViewCell.swift in Sources */ = {isa = PBXBuildFile; fileRef = AC60FB092A594F7200E6FD1A /* GenderCollectionViewCell.swift */; };
		AC60FB0C2A60835400E6FD1A /* Extensions.swift in Sources */ = {isa = PBXBuildFile; fileRef = AC60FB0B2A60835400E6FD1A /* Extensions.swift */; };
		AC9797462AA5CE870011EE94 /* TodayView.swift in Sources */ = {isa = PBXBuildFile; fileRef = AC9797452AA5CE870011EE94 /* TodayView.swift */; };
		AC9797482AA5CEA00011EE94 /* TodayViewInput.swift in Sources */ = {isa = PBXBuildFile; fileRef = AC9797472AA5CEA00011EE94 /* TodayViewInput.swift */; };
		AC97974A2AA5CEAC0011EE94 /* TodayViewOutput.swift in Sources */ = {isa = PBXBuildFile; fileRef = AC9797492AA5CEAC0011EE94 /* TodayViewOutput.swift */; };
		AC97974C2AA5CEBF0011EE94 /* TodayRouter.swift in Sources */ = {isa = PBXBuildFile; fileRef = AC97974B2AA5CEBF0011EE94 /* TodayRouter.swift */; };
		AC97974E2AA5CECC0011EE94 /* TodayRouterInput.swift in Sources */ = {isa = PBXBuildFile; fileRef = AC97974D2AA5CECC0011EE94 /* TodayRouterInput.swift */; };
		AC9797502AA5CEE10011EE94 /* TodayRouterOutput.swift in Sources */ = {isa = PBXBuildFile; fileRef = AC97974F2AA5CEE10011EE94 /* TodayRouterOutput.swift */; };
		AC9797522AA5CEF50011EE94 /* TodayPresenter.swift in Sources */ = {isa = PBXBuildFile; fileRef = AC9797512AA5CEF50011EE94 /* TodayPresenter.swift */; };
		AC9797542AA5CF060011EE94 /* TodayPresenterInput.swift in Sources */ = {isa = PBXBuildFile; fileRef = AC9797532AA5CF060011EE94 /* TodayPresenterInput.swift */; };
		AC9797562AA5CF1A0011EE94 /* TodayPresenterOutput.swift in Sources */ = {isa = PBXBuildFile; fileRef = AC9797552AA5CF1A0011EE94 /* TodayPresenterOutput.swift */; };
		AC9797582AA5CF270011EE94 /* TodayInteractor.swift in Sources */ = {isa = PBXBuildFile; fileRef = AC9797572AA5CF270011EE94 /* TodayInteractor.swift */; };
		AC97975A2AA5CF340011EE94 /* TodayInteractorInput.swift in Sources */ = {isa = PBXBuildFile; fileRef = AC9797592AA5CF340011EE94 /* TodayInteractorInput.swift */; };
		AC97975C2AA5CF480011EE94 /* TodayInteractorOutput.swift in Sources */ = {isa = PBXBuildFile; fileRef = AC97975B2AA5CF480011EE94 /* TodayInteractorOutput.swift */; };
		AC97975E2AA5CF550011EE94 /* TodayConfigurator.swift in Sources */ = {isa = PBXBuildFile; fileRef = AC97975D2AA5CF550011EE94 /* TodayConfigurator.swift */; };
		AC9797652AAF82C20011EE94 /* StackScreenView.swift in Sources */ = {isa = PBXBuildFile; fileRef = AC9797642AAF82C20011EE94 /* StackScreenView.swift */; };
		AC9797682ABA02BD0011EE94 /* TodayTableViewAdapter.swift in Sources */ = {isa = PBXBuildFile; fileRef = AC9797672ABA02BD0011EE94 /* TodayTableViewAdapter.swift */; };
		AC97976A2ABA06A60011EE94 /* CalendarCollectionViewCell.swift in Sources */ = {isa = PBXBuildFile; fileRef = AC9797692ABA06A60011EE94 /* CalendarCollectionViewCell.swift */; };
		AC97976C2ABB22F40011EE94 /* MultiStepCollectionViewCell.swift in Sources */ = {isa = PBXBuildFile; fileRef = AC97976B2ABB22F40011EE94 /* MultiStepCollectionViewCell.swift */; };
		AC9797772AC0483E0011EE94 /* StatsView.swift in Sources */ = {isa = PBXBuildFile; fileRef = AC9797762AC0483E0011EE94 /* StatsView.swift */; };
		AC9797792AC048480011EE94 /* StatsViewInput.swift in Sources */ = {isa = PBXBuildFile; fileRef = AC9797782AC048480011EE94 /* StatsViewInput.swift */; };
		AC97977B2AC048520011EE94 /* StatsViewOutput.swift in Sources */ = {isa = PBXBuildFile; fileRef = AC97977A2AC048520011EE94 /* StatsViewOutput.swift */; };
		AC97977D2AC048650011EE94 /* StatsRouter.swift in Sources */ = {isa = PBXBuildFile; fileRef = AC97977C2AC048650011EE94 /* StatsRouter.swift */; };
		AC9797812AC048840011EE94 /* StatsRouterOutput.swift in Sources */ = {isa = PBXBuildFile; fileRef = AC9797802AC048840011EE94 /* StatsRouterOutput.swift */; };
		AC9797832AC048B10011EE94 /* StatsRouterInput.swift in Sources */ = {isa = PBXBuildFile; fileRef = AC9797822AC048B10011EE94 /* StatsRouterInput.swift */; };
		AC9797852AC048BF0011EE94 /* StatsPresenter.swift in Sources */ = {isa = PBXBuildFile; fileRef = AC9797842AC048BF0011EE94 /* StatsPresenter.swift */; };
		AC9797872AC048C90011EE94 /* StatsPresenterInput.swift in Sources */ = {isa = PBXBuildFile; fileRef = AC9797862AC048C90011EE94 /* StatsPresenterInput.swift */; };
		AC9797892AC048D20011EE94 /* StatsPresenterOutput.swift in Sources */ = {isa = PBXBuildFile; fileRef = AC9797882AC048D20011EE94 /* StatsPresenterOutput.swift */; };
		AC97978B2AC048DE0011EE94 /* StatsInteractor.swift in Sources */ = {isa = PBXBuildFile; fileRef = AC97978A2AC048DE0011EE94 /* StatsInteractor.swift */; };
		AC97978D2AC048EB0011EE94 /* StatsInteractorInput.swift in Sources */ = {isa = PBXBuildFile; fileRef = AC97978C2AC048EB0011EE94 /* StatsInteractorInput.swift */; };
		AC97978F2AC048F90011EE94 /* StatsInteractorOutput.swift in Sources */ = {isa = PBXBuildFile; fileRef = AC97978E2AC048F90011EE94 /* StatsInteractorOutput.swift */; };
		AC9797912AC0490B0011EE94 /* StatsConfigurator.swift in Sources */ = {isa = PBXBuildFile; fileRef = AC9797902AC0490B0011EE94 /* StatsConfigurator.swift */; };
		AC9797992AC0497A0011EE94 /* CalendarView.swift in Sources */ = {isa = PBXBuildFile; fileRef = AC9797982AC0497A0011EE94 /* CalendarView.swift */; };
		AC97979B2AC0498D0011EE94 /* CalendarViewInput.swift in Sources */ = {isa = PBXBuildFile; fileRef = AC97979A2AC0498D0011EE94 /* CalendarViewInput.swift */; };
		AC97979D2AC049A50011EE94 /* CalendarViewOutput.swift in Sources */ = {isa = PBXBuildFile; fileRef = AC97979C2AC049A50011EE94 /* CalendarViewOutput.swift */; };
		AC97979F2AC049B60011EE94 /* CalendarRouter.swift in Sources */ = {isa = PBXBuildFile; fileRef = AC97979E2AC049B60011EE94 /* CalendarRouter.swift */; };
		AC9797A12AC049C10011EE94 /* CalendarRouterInput.swift in Sources */ = {isa = PBXBuildFile; fileRef = AC9797A02AC049C10011EE94 /* CalendarRouterInput.swift */; };
		AC9797A32AC049CA0011EE94 /* CalendarRouterOutput.swift in Sources */ = {isa = PBXBuildFile; fileRef = AC9797A22AC049CA0011EE94 /* CalendarRouterOutput.swift */; };
		AC9797A52AC049DD0011EE94 /* CalendarPresenter.swift in Sources */ = {isa = PBXBuildFile; fileRef = AC9797A42AC049DD0011EE94 /* CalendarPresenter.swift */; };
		AC9797A72AC049E90011EE94 /* CalendarPresenterInput.swift in Sources */ = {isa = PBXBuildFile; fileRef = AC9797A62AC049E90011EE94 /* CalendarPresenterInput.swift */; };
		AC9797A92AC049F30011EE94 /* CalendarPresenterOutput.swift in Sources */ = {isa = PBXBuildFile; fileRef = AC9797A82AC049F30011EE94 /* CalendarPresenterOutput.swift */; };
		AC9797AB2AC049FF0011EE94 /* CalendarInteractor.swift in Sources */ = {isa = PBXBuildFile; fileRef = AC9797AA2AC049FF0011EE94 /* CalendarInteractor.swift */; };
		AC9797AD2AC04A0F0011EE94 /* CalendarInteractorInput.swift in Sources */ = {isa = PBXBuildFile; fileRef = AC9797AC2AC04A0F0011EE94 /* CalendarInteractorInput.swift */; };
		AC9797AF2AC04A1D0011EE94 /* CalendarInteractorOutput.swift in Sources */ = {isa = PBXBuildFile; fileRef = AC9797AE2AC04A1D0011EE94 /* CalendarInteractorOutput.swift */; };
		AC9797B12AC04A290011EE94 /* CalendarConfigurator.swift in Sources */ = {isa = PBXBuildFile; fileRef = AC9797B02AC04A290011EE94 /* CalendarConfigurator.swift */; };
		AC9797B52AC173370011EE94 /* CustomTabBar.swift in Sources */ = {isa = PBXBuildFile; fileRef = AC9797B42AC173370011EE94 /* CustomTabBar.swift */; };
		AC9797B92AC806E10011EE94 /* CalendarTableViewCell.swift in Sources */ = {isa = PBXBuildFile; fileRef = AC9797B82AC806E10011EE94 /* CalendarTableViewCell.swift */; };
		AC9797BD2ACDCC740011EE94 /* OneStepTableViewCell.swift in Sources */ = {isa = PBXBuildFile; fileRef = AC9797BC2ACDCC740011EE94 /* OneStepTableViewCell.swift */; };
		AC9797BF2ACDE4B60011EE94 /* OneStepItemTableCellBuilder.swift in Sources */ = {isa = PBXBuildFile; fileRef = AC9797BE2ACDE4B50011EE94 /* OneStepItemTableCellBuilder.swift */; };
/* End PBXBuildFile section */

/* Begin PBXFileReference section */
		15C3404F2AB7019000471019 /* User.swift */ = {isa = PBXFileReference; lastKnownFileType = sourcecode.swift; path = User.swift; sourceTree = "<group>"; };
		15D763282AC9B3040025DBC4 /* CalendarItemTableCellBuilder.swift */ = {isa = PBXFileReference; lastKnownFileType = sourcecode.swift; path = CalendarItemTableCellBuilder.swift; sourceTree = "<group>"; };
		15F7CE432A4844CE00F6041F /* WelcomePresenter.swift */ = {isa = PBXFileReference; lastKnownFileType = sourcecode.swift; path = WelcomePresenter.swift; sourceTree = "<group>"; };
		15F7CE452A48463600F6041F /* WelcomeViewInput.swift */ = {isa = PBXFileReference; lastKnownFileType = sourcecode.swift; path = WelcomeViewInput.swift; sourceTree = "<group>"; };
		15F7CE472A48464200F6041F /* WelcomeViewOutput.swift */ = {isa = PBXFileReference; lastKnownFileType = sourcecode.swift; path = WelcomeViewOutput.swift; sourceTree = "<group>"; };
		15F7CE492A48469400F6041F /* WelcomePresenterInput.swift */ = {isa = PBXFileReference; lastKnownFileType = sourcecode.swift; path = WelcomePresenterInput.swift; sourceTree = "<group>"; };
		15F7CE4B2A4846A200F6041F /* WelcomePresenterOutput.swift */ = {isa = PBXFileReference; lastKnownFileType = sourcecode.swift; path = WelcomePresenterOutput.swift; sourceTree = "<group>"; };
		15F7CE4D2A4846EA00F6041F /* WelcomeInteractor.swift */ = {isa = PBXFileReference; lastKnownFileType = sourcecode.swift; path = WelcomeInteractor.swift; sourceTree = "<group>"; };
		15F7CE4F2A48476100F6041F /* WelcomeInteractorInput.swift */ = {isa = PBXFileReference; lastKnownFileType = sourcecode.swift; path = WelcomeInteractorInput.swift; sourceTree = "<group>"; };
		15F7CE512A48476A00F6041F /* WelcomeInteractorOutput.swift */ = {isa = PBXFileReference; lastKnownFileType = sourcecode.swift; path = WelcomeInteractorOutput.swift; sourceTree = "<group>"; };
		15F7CE532A48488000F6041F /* WelcomeRouter.swift */ = {isa = PBXFileReference; lastKnownFileType = sourcecode.swift; path = WelcomeRouter.swift; sourceTree = "<group>"; };
		15F7CE552A48489100F6041F /* WelcomeRouterInput.swift */ = {isa = PBXFileReference; lastKnownFileType = sourcecode.swift; path = WelcomeRouterInput.swift; sourceTree = "<group>"; };
		15F7CE572A48489A00F6041F /* WelcomeRouterOutput.swift */ = {isa = PBXFileReference; lastKnownFileType = sourcecode.swift; path = WelcomeRouterOutput.swift; sourceTree = "<group>"; };
		15F7CE5A2A484ACB00F6041F /* WelcomeConfigurator.swift */ = {isa = PBXFileReference; lastKnownFileType = sourcecode.swift; path = WelcomeConfigurator.swift; sourceTree = "<group>"; };
		AC004E2F2AD1C49A000B50DA /* MultiStepTableViewCell.swift */ = {isa = PBXFileReference; lastKnownFileType = sourcecode.swift; path = MultiStepTableViewCell.swift; sourceTree = "<group>"; };
		AC004F712AD6F4EE000B50DA /* BuilderProtocol.swift */ = {isa = PBXFileReference; fileEncoding = 4; lastKnownFileType = sourcecode.swift; path = BuilderProtocol.swift; sourceTree = "<group>"; };
		AC004F742AD8549D000B50DA /* MultiStepBuilder.swift */ = {isa = PBXFileReference; lastKnownFileType = sourcecode.swift; path = MultiStepBuilder.swift; sourceTree = "<group>"; };
		AC004F762AE2C9B2000B50DA /* CheckBox.swift */ = {isa = PBXFileReference; lastKnownFileType = sourcecode.swift; path = CheckBox.swift; sourceTree = "<group>"; };
		AC004F7E2AF517C6000B50DA /* NewHabitView.swift */ = {isa = PBXFileReference; lastKnownFileType = sourcecode.swift; path = NewHabitView.swift; sourceTree = "<group>"; };
		AC004F802AF517D6000B50DA /* NewHabitViewInput.swift */ = {isa = PBXFileReference; lastKnownFileType = sourcecode.swift; path = NewHabitViewInput.swift; sourceTree = "<group>"; };
		AC004F822AF517E0000B50DA /* NewHabitViewOutput.swift */ = {isa = PBXFileReference; lastKnownFileType = sourcecode.swift; path = NewHabitViewOutput.swift; sourceTree = "<group>"; };
		AC004F842AF51800000B50DA /* NewHabitRouter.swift */ = {isa = PBXFileReference; lastKnownFileType = sourcecode.swift; path = NewHabitRouter.swift; sourceTree = "<group>"; };
		AC004F862AF5180C000B50DA /* NewHabitRouterInput.swift */ = {isa = PBXFileReference; lastKnownFileType = sourcecode.swift; path = NewHabitRouterInput.swift; sourceTree = "<group>"; };
		AC004F882AF51814000B50DA /* NewHabitRouterOutput.swift */ = {isa = PBXFileReference; lastKnownFileType = sourcecode.swift; path = NewHabitRouterOutput.swift; sourceTree = "<group>"; };
		AC004F8A2AF51834000B50DA /* NewHabitPresenter.swift */ = {isa = PBXFileReference; lastKnownFileType = sourcecode.swift; path = NewHabitPresenter.swift; sourceTree = "<group>"; };
		AC004F8C2AF5183E000B50DA /* NewHabitPresenterInput.swift */ = {isa = PBXFileReference; lastKnownFileType = sourcecode.swift; path = NewHabitPresenterInput.swift; sourceTree = "<group>"; };
		AC004F8E2AF51846000B50DA /* NewHabitPresenterOutput.swift */ = {isa = PBXFileReference; lastKnownFileType = sourcecode.swift; path = NewHabitPresenterOutput.swift; sourceTree = "<group>"; };
		AC004F902AF51852000B50DA /* NewHabitInteractor.swift */ = {isa = PBXFileReference; lastKnownFileType = sourcecode.swift; path = NewHabitInteractor.swift; sourceTree = "<group>"; };
		AC004F922AF51861000B50DA /* NewHabitInteractorInput.swift */ = {isa = PBXFileReference; lastKnownFileType = sourcecode.swift; path = NewHabitInteractorInput.swift; sourceTree = "<group>"; };
		AC004F942AF5186D000B50DA /* NewHabitInteractorOutput.swift */ = {isa = PBXFileReference; lastKnownFileType = sourcecode.swift; path = NewHabitInteractorOutput.swift; sourceTree = "<group>"; };
		AC004F972AF51894000B50DA /* NewHabitConfigurator.swift */ = {isa = PBXFileReference; lastKnownFileType = sourcecode.swift; path = NewHabitConfigurator.swift; sourceTree = "<group>"; };
		AC004F9A2AF52378000B50DA /* NewHabitTableViewAdapter.swift */ = {isa = PBXFileReference; lastKnownFileType = sourcecode.swift; path = NewHabitTableViewAdapter.swift; sourceTree = "<group>"; };
		AC004F9D2AF527B6000B50DA /* NewHabitTableCell.swift */ = {isa = PBXFileReference; lastKnownFileType = sourcecode.swift; path = NewHabitTableCell.swift; sourceTree = "<group>"; };
		AC60FA6A2A4464CD00E6FD1A /* HabitTracker.app */ = {isa = PBXFileReference; explicitFileType = wrapper.application; includeInIndex = 0; path = HabitTracker.app; sourceTree = BUILT_PRODUCTS_DIR; };
		AC60FA6D2A4464CD00E6FD1A /* AppDelegate.swift */ = {isa = PBXFileReference; lastKnownFileType = sourcecode.swift; path = AppDelegate.swift; sourceTree = "<group>"; };
		AC60FA6F2A4464CD00E6FD1A /* SceneDelegate.swift */ = {isa = PBXFileReference; lastKnownFileType = sourcecode.swift; path = SceneDelegate.swift; sourceTree = "<group>"; };
		AC60FA712A4464CD00E6FD1A /* WelcomeView.swift */ = {isa = PBXFileReference; lastKnownFileType = sourcecode.swift; path = WelcomeView.swift; sourceTree = "<group>"; };
		AC60FA742A4464CD00E6FD1A /* Base */ = {isa = PBXFileReference; lastKnownFileType = file.storyboard; name = Base; path = Base.lproj/Main.storyboard; sourceTree = "<group>"; };
		AC60FA762A4464CE00E6FD1A /* Assets.xcassets */ = {isa = PBXFileReference; lastKnownFileType = folder.assetcatalog; path = Assets.xcassets; sourceTree = "<group>"; };
		AC60FA792A4464CE00E6FD1A /* Base */ = {isa = PBXFileReference; lastKnownFileType = file.storyboard; name = Base; path = Base.lproj/LaunchScreen.storyboard; sourceTree = "<group>"; };
		AC60FA7B2A4464CE00E6FD1A /* Info.plist */ = {isa = PBXFileReference; lastKnownFileType = text.plist.xml; path = Info.plist; sourceTree = "<group>"; };
		AC60FA862A45AFB200E6FD1A /* StyledLabel.swift */ = {isa = PBXFileReference; lastKnownFileType = sourcecode.swift; path = StyledLabel.swift; sourceTree = "<group>"; };
		AC60FA882A47102D00E6FD1A /* CustomButtons.swift */ = {isa = PBXFileReference; lastKnownFileType = sourcecode.swift; path = CustomButtons.swift; sourceTree = "<group>"; };
		AC60FA902A4A005B00E6FD1A /* InformationView.swift */ = {isa = PBXFileReference; lastKnownFileType = sourcecode.swift; path = InformationView.swift; sourceTree = "<group>"; };
		AC60FA922A4A011300E6FD1A /* InformationViewInput.swift */ = {isa = PBXFileReference; lastKnownFileType = sourcecode.swift; path = InformationViewInput.swift; sourceTree = "<group>"; };
		AC60FA942A4A016B00E6FD1A /* InformationViewOutput.swift */ = {isa = PBXFileReference; lastKnownFileType = sourcecode.swift; path = InformationViewOutput.swift; sourceTree = "<group>"; };
		AC60FA962A4B10E800E6FD1A /* InformationRouter.swift */ = {isa = PBXFileReference; lastKnownFileType = sourcecode.swift; path = InformationRouter.swift; sourceTree = "<group>"; };
		AC60FA982A4B11B500E6FD1A /* InformationRouterInput.swift */ = {isa = PBXFileReference; lastKnownFileType = sourcecode.swift; path = InformationRouterInput.swift; sourceTree = "<group>"; };
		AC60FA9A2A4B11F600E6FD1A /* InformationRouterOutput.swift */ = {isa = PBXFileReference; lastKnownFileType = sourcecode.swift; path = InformationRouterOutput.swift; sourceTree = "<group>"; };
		AC60FA9C2A4B12EF00E6FD1A /* InformationPresenter.swift */ = {isa = PBXFileReference; lastKnownFileType = sourcecode.swift; path = InformationPresenter.swift; sourceTree = "<group>"; };
		AC60FA9E2A4B157F00E6FD1A /* InformationPresenterInput.swift */ = {isa = PBXFileReference; lastKnownFileType = sourcecode.swift; path = InformationPresenterInput.swift; sourceTree = "<group>"; };
		AC60FAA02A4B15A600E6FD1A /* InformationPresenterOutput.swift */ = {isa = PBXFileReference; lastKnownFileType = sourcecode.swift; path = InformationPresenterOutput.swift; sourceTree = "<group>"; };
		AC60FAA22A4B161700E6FD1A /* InformationInteractor.swift */ = {isa = PBXFileReference; lastKnownFileType = sourcecode.swift; path = InformationInteractor.swift; sourceTree = "<group>"; };
		AC60FAA42A4B169F00E6FD1A /* InformationInteractorInput.swift */ = {isa = PBXFileReference; lastKnownFileType = sourcecode.swift; path = InformationInteractorInput.swift; sourceTree = "<group>"; };
		AC60FAA62A4B16C300E6FD1A /* InformationInteractorOutput.swift */ = {isa = PBXFileReference; lastKnownFileType = sourcecode.swift; path = InformationInteractorOutput.swift; sourceTree = "<group>"; };
		AC60FAA82A4B171A00E6FD1A /* InformationConfigurator.swift */ = {isa = PBXFileReference; lastKnownFileType = sourcecode.swift; path = InformationConfigurator.swift; sourceTree = "<group>"; };
		AC60FAAA2A4C585200E6FD1A /* CustomTextFields.swift */ = {isa = PBXFileReference; lastKnownFileType = sourcecode.swift; path = CustomTextFields.swift; sourceTree = "<group>"; };
		AC60FAAC2A4C5BEF00E6FD1A /* DatePicker.swift */ = {isa = PBXFileReference; lastKnownFileType = sourcecode.swift; path = DatePicker.swift; sourceTree = "<group>"; };
		AC60FAB42A4CA43400E6FD1A /* GenderView.swift */ = {isa = PBXFileReference; lastKnownFileType = sourcecode.swift; path = GenderView.swift; sourceTree = "<group>"; };
		AC60FAB62A4D742200E6FD1A /* GenderConfigurator.swift */ = {isa = PBXFileReference; lastKnownFileType = sourcecode.swift; path = GenderConfigurator.swift; sourceTree = "<group>"; };
		AC60FAB82A4D74B100E6FD1A /* GenderRouter.swift */ = {isa = PBXFileReference; lastKnownFileType = sourcecode.swift; path = GenderRouter.swift; sourceTree = "<group>"; };
		AC60FABA2A4D755D00E6FD1A /* GenderRouterInput.swift */ = {isa = PBXFileReference; lastKnownFileType = sourcecode.swift; path = GenderRouterInput.swift; sourceTree = "<group>"; };
		AC60FABC2A4D759600E6FD1A /* GenderRouterOutput.swift */ = {isa = PBXFileReference; lastKnownFileType = sourcecode.swift; path = GenderRouterOutput.swift; sourceTree = "<group>"; };
		AC60FABE2A4D75BA00E6FD1A /* GenderViewInput.swift */ = {isa = PBXFileReference; lastKnownFileType = sourcecode.swift; path = GenderViewInput.swift; sourceTree = "<group>"; };
		AC60FAC02A4D75E800E6FD1A /* GenderViewOutput.swift */ = {isa = PBXFileReference; lastKnownFileType = sourcecode.swift; path = GenderViewOutput.swift; sourceTree = "<group>"; };
		AC60FAC22A4D76AF00E6FD1A /* GenderPresenter.swift */ = {isa = PBXFileReference; lastKnownFileType = sourcecode.swift; path = GenderPresenter.swift; sourceTree = "<group>"; };
		AC60FAC42A4D77B400E6FD1A /* GenderPresenterInput.swift */ = {isa = PBXFileReference; lastKnownFileType = sourcecode.swift; path = GenderPresenterInput.swift; sourceTree = "<group>"; };
		AC60FAC62A4D77D200E6FD1A /* GenderPresenterOutput.swift */ = {isa = PBXFileReference; lastKnownFileType = sourcecode.swift; path = GenderPresenterOutput.swift; sourceTree = "<group>"; };
		AC60FAC82A4D77EE00E6FD1A /* GenderInteractor.swift */ = {isa = PBXFileReference; lastKnownFileType = sourcecode.swift; path = GenderInteractor.swift; sourceTree = "<group>"; };
		AC60FACA2A4D788B00E6FD1A /* GenderInteractorInput.swift */ = {isa = PBXFileReference; lastKnownFileType = sourcecode.swift; path = GenderInteractorInput.swift; sourceTree = "<group>"; };
		AC60FACC2A4D78AF00E6FD1A /* GenderInteractorOutput.swift */ = {isa = PBXFileReference; lastKnownFileType = sourcecode.swift; path = GenderInteractorOutput.swift; sourceTree = "<group>"; };
		AC60FAD12A4DDD9D00E6FD1A /* GenderItems.swift */ = {isa = PBXFileReference; lastKnownFileType = sourcecode.swift; path = GenderItems.swift; sourceTree = "<group>"; };
		AC60FAD92A501C8D00E6FD1A /* CongratsView.swift */ = {isa = PBXFileReference; lastKnownFileType = sourcecode.swift; path = CongratsView.swift; sourceTree = "<group>"; };
		AC60FADB2A501D5C00E6FD1A /* CongratsViewInput.swift */ = {isa = PBXFileReference; lastKnownFileType = sourcecode.swift; path = CongratsViewInput.swift; sourceTree = "<group>"; };
		AC60FADD2A501D8600E6FD1A /* CongratsViewOutput.swift */ = {isa = PBXFileReference; lastKnownFileType = sourcecode.swift; path = CongratsViewOutput.swift; sourceTree = "<group>"; };
		AC60FADF2A501DED00E6FD1A /* CongratsRouter.swift */ = {isa = PBXFileReference; lastKnownFileType = sourcecode.swift; path = CongratsRouter.swift; sourceTree = "<group>"; };
		AC60FAE12A501E9500E6FD1A /* CongratsRouterInput.swift */ = {isa = PBXFileReference; lastKnownFileType = sourcecode.swift; path = CongratsRouterInput.swift; sourceTree = "<group>"; };
		AC60FAE32A501EB200E6FD1A /* CongratsRouterOutput.swift */ = {isa = PBXFileReference; lastKnownFileType = sourcecode.swift; path = CongratsRouterOutput.swift; sourceTree = "<group>"; };
		AC60FAE52A501F2300E6FD1A /* CongratsPresenter.swift */ = {isa = PBXFileReference; lastKnownFileType = sourcecode.swift; path = CongratsPresenter.swift; sourceTree = "<group>"; };
		AC60FAE72A502A3300E6FD1A /* CongratsPresenterInput.swift */ = {isa = PBXFileReference; lastKnownFileType = sourcecode.swift; path = CongratsPresenterInput.swift; sourceTree = "<group>"; };
		AC60FAE92A502A5100E6FD1A /* CongratsPresenterOutput.swift */ = {isa = PBXFileReference; lastKnownFileType = sourcecode.swift; path = CongratsPresenterOutput.swift; sourceTree = "<group>"; };
		AC60FAEB2A502A8E00E6FD1A /* CongratsInteractor.swift */ = {isa = PBXFileReference; lastKnownFileType = sourcecode.swift; path = CongratsInteractor.swift; sourceTree = "<group>"; };
		AC60FAED2A502B3500E6FD1A /* CongratsInteractorInput.swift */ = {isa = PBXFileReference; lastKnownFileType = sourcecode.swift; path = CongratsInteractorInput.swift; sourceTree = "<group>"; };
		AC60FAEF2A502B5300E6FD1A /* CongratsInteractorOutput.swift */ = {isa = PBXFileReference; lastKnownFileType = sourcecode.swift; path = CongratsInteractorOutput.swift; sourceTree = "<group>"; };
		AC60FAF12A502B9C00E6FD1A /* CongratsConfigurator.swift */ = {isa = PBXFileReference; lastKnownFileType = sourcecode.swift; path = CongratsConfigurator.swift; sourceTree = "<group>"; };
		AC60FAF32A541F1800E6FD1A /* Enums.swift */ = {isa = PBXFileReference; lastKnownFileType = sourcecode.swift; path = Enums.swift; sourceTree = "<group>"; };
		AC60FAF52A55948100E6FD1A /* ru */ = {isa = PBXFileReference; lastKnownFileType = text.plist.strings; name = ru; path = ru.lproj/Main.strings; sourceTree = "<group>"; };
		AC60FAF62A55948100E6FD1A /* ru */ = {isa = PBXFileReference; lastKnownFileType = text.plist.strings; name = ru; path = ru.lproj/LaunchScreen.strings; sourceTree = "<group>"; };
		AC60FAFC2A5599AC00E6FD1A /* Extension + String.swift */ = {isa = PBXFileReference; lastKnownFileType = sourcecode.swift; path = "Extension + String.swift"; sourceTree = "<group>"; };
		AC60FAFF2A559A6F00E6FD1A /* en */ = {isa = PBXFileReference; lastKnownFileType = text.plist.strings; name = en; path = en.lproj/Localizable.strings; sourceTree = "<group>"; };
		AC60FB012A559A7300E6FD1A /* ru */ = {isa = PBXFileReference; lastKnownFileType = text.plist.strings; name = ru; path = ru.lproj/Localizable.strings; sourceTree = "<group>"; };
		AC60FB022A55AA9D00E6FD1A /* GenderCollectionViewAdapter.swift */ = {isa = PBXFileReference; lastKnownFileType = sourcecode.swift; path = GenderCollectionViewAdapter.swift; sourceTree = "<group>"; };
		AC60FB072A56B6F300E6FD1A /* CustomTextFieldValidator.swift */ = {isa = PBXFileReference; lastKnownFileType = sourcecode.swift; path = CustomTextFieldValidator.swift; sourceTree = "<group>"; };
		AC60FB092A594F7200E6FD1A /* GenderCollectionViewCell.swift */ = {isa = PBXFileReference; lastKnownFileType = sourcecode.swift; path = GenderCollectionViewCell.swift; sourceTree = "<group>"; };
		AC60FB0B2A60835400E6FD1A /* Extensions.swift */ = {isa = PBXFileReference; lastKnownFileType = sourcecode.swift; path = Extensions.swift; sourceTree = "<group>"; };
		AC9797452AA5CE870011EE94 /* TodayView.swift */ = {isa = PBXFileReference; lastKnownFileType = sourcecode.swift; path = TodayView.swift; sourceTree = "<group>"; };
		AC9797472AA5CEA00011EE94 /* TodayViewInput.swift */ = {isa = PBXFileReference; lastKnownFileType = sourcecode.swift; path = TodayViewInput.swift; sourceTree = "<group>"; };
		AC9797492AA5CEAC0011EE94 /* TodayViewOutput.swift */ = {isa = PBXFileReference; lastKnownFileType = sourcecode.swift; path = TodayViewOutput.swift; sourceTree = "<group>"; };
		AC97974B2AA5CEBF0011EE94 /* TodayRouter.swift */ = {isa = PBXFileReference; lastKnownFileType = sourcecode.swift; path = TodayRouter.swift; sourceTree = "<group>"; };
		AC97974D2AA5CECC0011EE94 /* TodayRouterInput.swift */ = {isa = PBXFileReference; lastKnownFileType = sourcecode.swift; path = TodayRouterInput.swift; sourceTree = "<group>"; };
		AC97974F2AA5CEE10011EE94 /* TodayRouterOutput.swift */ = {isa = PBXFileReference; lastKnownFileType = sourcecode.swift; path = TodayRouterOutput.swift; sourceTree = "<group>"; };
		AC9797512AA5CEF50011EE94 /* TodayPresenter.swift */ = {isa = PBXFileReference; lastKnownFileType = sourcecode.swift; path = TodayPresenter.swift; sourceTree = "<group>"; };
		AC9797532AA5CF060011EE94 /* TodayPresenterInput.swift */ = {isa = PBXFileReference; lastKnownFileType = sourcecode.swift; path = TodayPresenterInput.swift; sourceTree = "<group>"; };
		AC9797552AA5CF1A0011EE94 /* TodayPresenterOutput.swift */ = {isa = PBXFileReference; lastKnownFileType = sourcecode.swift; path = TodayPresenterOutput.swift; sourceTree = "<group>"; };
		AC9797572AA5CF270011EE94 /* TodayInteractor.swift */ = {isa = PBXFileReference; lastKnownFileType = sourcecode.swift; path = TodayInteractor.swift; sourceTree = "<group>"; };
		AC9797592AA5CF340011EE94 /* TodayInteractorInput.swift */ = {isa = PBXFileReference; lastKnownFileType = sourcecode.swift; path = TodayInteractorInput.swift; sourceTree = "<group>"; };
		AC97975B2AA5CF480011EE94 /* TodayInteractorOutput.swift */ = {isa = PBXFileReference; lastKnownFileType = sourcecode.swift; path = TodayInteractorOutput.swift; sourceTree = "<group>"; };
		AC97975D2AA5CF550011EE94 /* TodayConfigurator.swift */ = {isa = PBXFileReference; lastKnownFileType = sourcecode.swift; path = TodayConfigurator.swift; sourceTree = "<group>"; };
		AC9797642AAF82C20011EE94 /* StackScreenView.swift */ = {isa = PBXFileReference; lastKnownFileType = sourcecode.swift; path = StackScreenView.swift; sourceTree = "<group>"; };
		AC9797672ABA02BD0011EE94 /* TodayTableViewAdapter.swift */ = {isa = PBXFileReference; lastKnownFileType = sourcecode.swift; path = TodayTableViewAdapter.swift; sourceTree = "<group>"; };
		AC9797692ABA06A60011EE94 /* CalendarCollectionViewCell.swift */ = {isa = PBXFileReference; lastKnownFileType = sourcecode.swift; path = CalendarCollectionViewCell.swift; sourceTree = "<group>"; };
		AC97976B2ABB22F40011EE94 /* MultiStepCollectionViewCell.swift */ = {isa = PBXFileReference; lastKnownFileType = sourcecode.swift; path = MultiStepCollectionViewCell.swift; sourceTree = "<group>"; };
		AC9797762AC0483E0011EE94 /* StatsView.swift */ = {isa = PBXFileReference; lastKnownFileType = sourcecode.swift; path = StatsView.swift; sourceTree = "<group>"; };
		AC9797782AC048480011EE94 /* StatsViewInput.swift */ = {isa = PBXFileReference; lastKnownFileType = sourcecode.swift; path = StatsViewInput.swift; sourceTree = "<group>"; };
		AC97977A2AC048520011EE94 /* StatsViewOutput.swift */ = {isa = PBXFileReference; lastKnownFileType = sourcecode.swift; path = StatsViewOutput.swift; sourceTree = "<group>"; };
		AC97977C2AC048650011EE94 /* StatsRouter.swift */ = {isa = PBXFileReference; lastKnownFileType = sourcecode.swift; path = StatsRouter.swift; sourceTree = "<group>"; };
		AC9797802AC048840011EE94 /* StatsRouterOutput.swift */ = {isa = PBXFileReference; lastKnownFileType = sourcecode.swift; path = StatsRouterOutput.swift; sourceTree = "<group>"; };
		AC9797822AC048B10011EE94 /* StatsRouterInput.swift */ = {isa = PBXFileReference; lastKnownFileType = sourcecode.swift; path = StatsRouterInput.swift; sourceTree = "<group>"; };
		AC9797842AC048BF0011EE94 /* StatsPresenter.swift */ = {isa = PBXFileReference; lastKnownFileType = sourcecode.swift; path = StatsPresenter.swift; sourceTree = "<group>"; };
		AC9797862AC048C90011EE94 /* StatsPresenterInput.swift */ = {isa = PBXFileReference; lastKnownFileType = sourcecode.swift; path = StatsPresenterInput.swift; sourceTree = "<group>"; };
		AC9797882AC048D20011EE94 /* StatsPresenterOutput.swift */ = {isa = PBXFileReference; lastKnownFileType = sourcecode.swift; path = StatsPresenterOutput.swift; sourceTree = "<group>"; };
		AC97978A2AC048DE0011EE94 /* StatsInteractor.swift */ = {isa = PBXFileReference; lastKnownFileType = sourcecode.swift; path = StatsInteractor.swift; sourceTree = "<group>"; };
		AC97978C2AC048EB0011EE94 /* StatsInteractorInput.swift */ = {isa = PBXFileReference; lastKnownFileType = sourcecode.swift; path = StatsInteractorInput.swift; sourceTree = "<group>"; };
		AC97978E2AC048F90011EE94 /* StatsInteractorOutput.swift */ = {isa = PBXFileReference; lastKnownFileType = sourcecode.swift; path = StatsInteractorOutput.swift; sourceTree = "<group>"; };
		AC9797902AC0490B0011EE94 /* StatsConfigurator.swift */ = {isa = PBXFileReference; lastKnownFileType = sourcecode.swift; path = StatsConfigurator.swift; sourceTree = "<group>"; };
		AC9797982AC0497A0011EE94 /* CalendarView.swift */ = {isa = PBXFileReference; lastKnownFileType = sourcecode.swift; path = CalendarView.swift; sourceTree = "<group>"; };
		AC97979A2AC0498D0011EE94 /* CalendarViewInput.swift */ = {isa = PBXFileReference; lastKnownFileType = sourcecode.swift; path = CalendarViewInput.swift; sourceTree = "<group>"; };
		AC97979C2AC049A50011EE94 /* CalendarViewOutput.swift */ = {isa = PBXFileReference; lastKnownFileType = sourcecode.swift; path = CalendarViewOutput.swift; sourceTree = "<group>"; };
		AC97979E2AC049B60011EE94 /* CalendarRouter.swift */ = {isa = PBXFileReference; lastKnownFileType = sourcecode.swift; path = CalendarRouter.swift; sourceTree = "<group>"; };
		AC9797A02AC049C10011EE94 /* CalendarRouterInput.swift */ = {isa = PBXFileReference; lastKnownFileType = sourcecode.swift; path = CalendarRouterInput.swift; sourceTree = "<group>"; };
		AC9797A22AC049CA0011EE94 /* CalendarRouterOutput.swift */ = {isa = PBXFileReference; lastKnownFileType = sourcecode.swift; path = CalendarRouterOutput.swift; sourceTree = "<group>"; };
		AC9797A42AC049DD0011EE94 /* CalendarPresenter.swift */ = {isa = PBXFileReference; lastKnownFileType = sourcecode.swift; path = CalendarPresenter.swift; sourceTree = "<group>"; };
		AC9797A62AC049E90011EE94 /* CalendarPresenterInput.swift */ = {isa = PBXFileReference; lastKnownFileType = sourcecode.swift; path = CalendarPresenterInput.swift; sourceTree = "<group>"; };
		AC9797A82AC049F30011EE94 /* CalendarPresenterOutput.swift */ = {isa = PBXFileReference; lastKnownFileType = sourcecode.swift; path = CalendarPresenterOutput.swift; sourceTree = "<group>"; };
		AC9797AA2AC049FF0011EE94 /* CalendarInteractor.swift */ = {isa = PBXFileReference; lastKnownFileType = sourcecode.swift; path = CalendarInteractor.swift; sourceTree = "<group>"; };
		AC9797AC2AC04A0F0011EE94 /* CalendarInteractorInput.swift */ = {isa = PBXFileReference; lastKnownFileType = sourcecode.swift; path = CalendarInteractorInput.swift; sourceTree = "<group>"; };
		AC9797AE2AC04A1D0011EE94 /* CalendarInteractorOutput.swift */ = {isa = PBXFileReference; lastKnownFileType = sourcecode.swift; path = CalendarInteractorOutput.swift; sourceTree = "<group>"; };
		AC9797B02AC04A290011EE94 /* CalendarConfigurator.swift */ = {isa = PBXFileReference; lastKnownFileType = sourcecode.swift; path = CalendarConfigurator.swift; sourceTree = "<group>"; };
		AC9797B42AC173370011EE94 /* CustomTabBar.swift */ = {isa = PBXFileReference; lastKnownFileType = sourcecode.swift; path = CustomTabBar.swift; sourceTree = "<group>"; };
		AC9797B82AC806E10011EE94 /* CalendarTableViewCell.swift */ = {isa = PBXFileReference; lastKnownFileType = sourcecode.swift; path = CalendarTableViewCell.swift; sourceTree = "<group>"; };
		AC9797BC2ACDCC740011EE94 /* OneStepTableViewCell.swift */ = {isa = PBXFileReference; lastKnownFileType = sourcecode.swift; path = OneStepTableViewCell.swift; sourceTree = "<group>"; };
		AC9797BE2ACDE4B50011EE94 /* OneStepItemTableCellBuilder.swift */ = {isa = PBXFileReference; lastKnownFileType = sourcecode.swift; path = OneStepItemTableCellBuilder.swift; sourceTree = "<group>"; };
/* End PBXFileReference section */

/* Begin PBXFrameworksBuildPhase section */
		AC60FA672A4464CD00E6FD1A /* Frameworks */ = {
			isa = PBXFrameworksBuildPhase;
			buildActionMask = 2147483647;
			files = (
				15C3404C2AB7017400471019 /* RealmSwift in Frameworks */,
				15C3404A2AB7017400471019 /* Realm in Frameworks */,
			);
			runOnlyForDeploymentPostprocessing = 0;
		};
/* End PBXFrameworksBuildPhase section */

/* Begin PBXGroup section */
		15C3404D2AB7018000471019 /* Models */ = {
			isa = PBXGroup;
			children = (
				15C3404E2AB7018700471019 /* User */,
			);
			path = Models;
			sourceTree = "<group>";
		};
		15C3404E2AB7018700471019 /* User */ = {
			isa = PBXGroup;
			children = (
				15C3404F2AB7019000471019 /* User.swift */,
			);
			path = User;
			sourceTree = "<group>";
		};
		15D763252AC9B0B40025DBC4 /* CalendarTableCell */ = {
			isa = PBXGroup;
			children = (
				15D763262AC9B0E20025DBC4 /* CollectionView */,
				AC9797B82AC806E10011EE94 /* CalendarTableViewCell.swift */,
			);
			path = CalendarTableCell;
			sourceTree = "<group>";
		};
		15D763262AC9B0E20025DBC4 /* CollectionView */ = {
			isa = PBXGroup;
			children = (
				AC9797692ABA06A60011EE94 /* CalendarCollectionViewCell.swift */,
			);
			path = CollectionView;
			sourceTree = "<group>";
		};
		15D763272AC9B2E50025DBC4 /* Builders */ = {
			isa = PBXGroup;
			children = (
				AC004F712AD6F4EE000B50DA /* BuilderProtocol.swift */,
				15D763282AC9B3040025DBC4 /* CalendarItemTableCellBuilder.swift */,
				AC004F742AD8549D000B50DA /* MultiStepBuilder.swift */,
				AC9797BE2ACDE4B50011EE94 /* OneStepItemTableCellBuilder.swift */,
			);
			path = Builders;
			sourceTree = "<group>";
		};
		15F7CE402A48432400F6041F /* Interactor */ = {
			isa = PBXGroup;
			children = (
				15F7CE4D2A4846EA00F6041F /* WelcomeInteractor.swift */,
				15F7CE4F2A48476100F6041F /* WelcomeInteractorInput.swift */,
				15F7CE512A48476A00F6041F /* WelcomeInteractorOutput.swift */,
			);
			path = Interactor;
			sourceTree = "<group>";
		};
		15F7CE412A48432A00F6041F /* Presenter */ = {
			isa = PBXGroup;
			children = (
				15F7CE432A4844CE00F6041F /* WelcomePresenter.swift */,
				15F7CE492A48469400F6041F /* WelcomePresenterInput.swift */,
				15F7CE4B2A4846A200F6041F /* WelcomePresenterOutput.swift */,
			);
			path = Presenter;
			sourceTree = "<group>";
		};
		15F7CE422A48433000F6041F /* Router */ = {
			isa = PBXGroup;
			children = (
				15F7CE532A48488000F6041F /* WelcomeRouter.swift */,
				15F7CE552A48489100F6041F /* WelcomeRouterInput.swift */,
				15F7CE572A48489A00F6041F /* WelcomeRouterOutput.swift */,
			);
			path = Router;
			sourceTree = "<group>";
		};
		15F7CE592A484ABC00F6041F /* Configurator */ = {
			isa = PBXGroup;
			children = (
				15F7CE5A2A484ACB00F6041F /* WelcomeConfigurator.swift */,
			);
			path = Configurator;
			sourceTree = "<group>";
		};
		15F7CE5C2A484EA400F6041F /* Design System */ = {
			isa = PBXGroup;
			children = (
				15F7CE5D2A484EAC00F6041F /* Reusable Components */,
			);
			path = "Design System";
			sourceTree = "<group>";
		};
		15F7CE5D2A484EAC00F6041F /* Reusable Components */ = {
			isa = PBXGroup;
			children = (
				AC60FA862A45AFB200E6FD1A /* StyledLabel.swift */,
				AC60FA882A47102D00E6FD1A /* CustomButtons.swift */,
				AC60FAAA2A4C585200E6FD1A /* CustomTextFields.swift */,
				AC60FB072A56B6F300E6FD1A /* CustomTextFieldValidator.swift */,
				AC60FAAC2A4C5BEF00E6FD1A /* DatePicker.swift */,
				AC60FAF32A541F1800E6FD1A /* Enums.swift */,
				AC60FB0B2A60835400E6FD1A /* Extensions.swift */,
				AC9797642AAF82C20011EE94 /* StackScreenView.swift */,
				AC9797B42AC173370011EE94 /* CustomTabBar.swift */,
				AC004F762AE2C9B2000B50DA /* CheckBox.swift */,
			);
			path = "Reusable Components";
			sourceTree = "<group>";
		};
		AC004E2D2AD1C450000B50DA /* MultiStepTableCell */ = {
			isa = PBXGroup;
			children = (
				AC004E2E2AD1C45F000B50DA /* CollectionVIew */,
				AC004E2F2AD1C49A000B50DA /* MultiStepTableViewCell.swift */,
			);
			path = MultiStepTableCell;
			sourceTree = "<group>";
		};
		AC004E2E2AD1C45F000B50DA /* CollectionVIew */ = {
			isa = PBXGroup;
			children = (
				AC97976B2ABB22F40011EE94 /* MultiStepCollectionViewCell.swift */,
			);
			path = CollectionVIew;
			sourceTree = "<group>";
		};
		AC004F782AF5175D000B50DA /* NewHabit */ = {
			isa = PBXGroup;
			children = (
				AC004F7D2AF51796000B50DA /* Configurator */,
				AC004F7C2AF51790000B50DA /* Interactor */,
				AC004F7B2AF51780000B50DA /* Presenter */,
				AC004F7A2AF5177B000B50DA /* Router */,
				AC004F792AF51773000B50DA /* View */,
			);
			path = NewHabit;
			sourceTree = "<group>";
		};
		AC004F792AF51773000B50DA /* View */ = {
			isa = PBXGroup;
			children = (
				AC004F9C2AF5279B000B50DA /* NewHabitTableCell */,
				AC004F992AF52354000B50DA /* Adapter */,
				AC004F7E2AF517C6000B50DA /* NewHabitView.swift */,
				AC004F802AF517D6000B50DA /* NewHabitViewInput.swift */,
				AC004F822AF517E0000B50DA /* NewHabitViewOutput.swift */,
			);
			path = View;
			sourceTree = "<group>";
		};
		AC004F7A2AF5177B000B50DA /* Router */ = {
			isa = PBXGroup;
			children = (
				AC004F842AF51800000B50DA /* NewHabitRouter.swift */,
				AC004F862AF5180C000B50DA /* NewHabitRouterInput.swift */,
				AC004F882AF51814000B50DA /* NewHabitRouterOutput.swift */,
			);
			path = Router;
			sourceTree = "<group>";
		};
		AC004F7B2AF51780000B50DA /* Presenter */ = {
			isa = PBXGroup;
			children = (
				AC004F8A2AF51834000B50DA /* NewHabitPresenter.swift */,
				AC004F8C2AF5183E000B50DA /* NewHabitPresenterInput.swift */,
				AC004F8E2AF51846000B50DA /* NewHabitPresenterOutput.swift */,
			);
			path = Presenter;
			sourceTree = "<group>";
		};
		AC004F7C2AF51790000B50DA /* Interactor */ = {
			isa = PBXGroup;
			children = (
				AC004F902AF51852000B50DA /* NewHabitInteractor.swift */,
				AC004F922AF51861000B50DA /* NewHabitInteractorInput.swift */,
				AC004F942AF5186D000B50DA /* NewHabitInteractorOutput.swift */,
			);
			path = Interactor;
			sourceTree = "<group>";
		};
		AC004F7D2AF51796000B50DA /* Configurator */ = {
			isa = PBXGroup;
			children = (
				AC004F972AF51894000B50DA /* NewHabitConfigurator.swift */,
			);
			path = Configurator;
			sourceTree = "<group>";
		};
		AC004F992AF52354000B50DA /* Adapter */ = {
			isa = PBXGroup;
			children = (
				AC004F9A2AF52378000B50DA /* NewHabitTableViewAdapter.swift */,
			);
			path = Adapter;
			sourceTree = "<group>";
		};
		AC004F9C2AF5279B000B50DA /* NewHabitTableCell */ = {
			isa = PBXGroup;
			children = (
				AC004F9D2AF527B6000B50DA /* NewHabitTableCell.swift */,
			);
			path = NewHabitTableCell;
			sourceTree = "<group>";
		};
		AC60FA612A4464CD00E6FD1A = {
			isa = PBXGroup;
			children = (
				AC60FA6C2A4464CD00E6FD1A /* HabitTracker */,
				AC60FA6B2A4464CD00E6FD1A /* Products */,
			);
			sourceTree = "<group>";
		};
		AC60FA6B2A4464CD00E6FD1A /* Products */ = {
			isa = PBXGroup;
			children = (
				AC60FA6A2A4464CD00E6FD1A /* HabitTracker.app */,
			);
			name = Products;
			sourceTree = "<group>";
		};
		AC60FA6C2A4464CD00E6FD1A /* HabitTracker */ = {
			isa = PBXGroup;
			children = (
				AC60FAF92A5595B800E6FD1A /* Localization */,
				15F7CE5C2A484EA400F6041F /* Design System */,
				AC60FA822A44B8D200E6FD1A /* Presentation */,
				15C3404D2AB7018000471019 /* Models */,
				AC60FA6D2A4464CD00E6FD1A /* AppDelegate.swift */,
				AC60FA6F2A4464CD00E6FD1A /* SceneDelegate.swift */,
				AC60FA732A4464CD00E6FD1A /* Main.storyboard */,
				AC60FA762A4464CE00E6FD1A /* Assets.xcassets */,
				AC60FA782A4464CE00E6FD1A /* LaunchScreen.storyboard */,
				AC60FA7B2A4464CE00E6FD1A /* Info.plist */,
			);
			path = HabitTracker;
			sourceTree = "<group>";
		};
		AC60FA822A44B8D200E6FD1A /* Presentation */ = {
			isa = PBXGroup;
			children = (
				AC60FA832A44B92C00E6FD1A /* Registration */,
				AC97973E2AA5CCD90011EE94 /* Home */,
			);
			path = Presentation;
			sourceTree = "<group>";
		};
		AC60FA832A44B92C00E6FD1A /* Registration */ = {
			isa = PBXGroup;
			children = (
				AC60FA842A44B96000E6FD1A /* Welcome */,
				AC60FA8A2A49FFD800E6FD1A /* Information */,
				AC60FAAE2A4CA3E900E6FD1A /* Gender */,
				AC60FAD32A4DEE5D00E6FD1A /* Congrats */,
			);
			path = Registration;
			sourceTree = "<group>";
		};
		AC60FA842A44B96000E6FD1A /* Welcome */ = {
			isa = PBXGroup;
			children = (
				15F7CE592A484ABC00F6041F /* Configurator */,
				15F7CE402A48432400F6041F /* Interactor */,
				15F7CE412A48432A00F6041F /* Presenter */,
				15F7CE422A48433000F6041F /* Router */,
				AC60FA852A44B9BF00E6FD1A /* View */,
			);
			path = Welcome;
			sourceTree = "<group>";
		};
		AC60FA852A44B9BF00E6FD1A /* View */ = {
			isa = PBXGroup;
			children = (
				AC60FA712A4464CD00E6FD1A /* WelcomeView.swift */,
				15F7CE452A48463600F6041F /* WelcomeViewInput.swift */,
				15F7CE472A48464200F6041F /* WelcomeViewOutput.swift */,
			);
			path = View;
			sourceTree = "<group>";
		};
		AC60FA8A2A49FFD800E6FD1A /* Information */ = {
			isa = PBXGroup;
			children = (
				AC60FA8F2A4A003C00E6FD1A /* Configurator */,
				AC60FA8E2A4A003100E6FD1A /* Interactor */,
				AC60FA8D2A4A002900E6FD1A /* Presenter */,
				AC60FA8C2A4A002200E6FD1A /* Router */,
				AC60FA8B2A4A001C00E6FD1A /* View */,
			);
			path = Information;
			sourceTree = "<group>";
		};
		AC60FA8B2A4A001C00E6FD1A /* View */ = {
			isa = PBXGroup;
			children = (
				AC60FA902A4A005B00E6FD1A /* InformationView.swift */,
				AC60FA922A4A011300E6FD1A /* InformationViewInput.swift */,
				AC60FA942A4A016B00E6FD1A /* InformationViewOutput.swift */,
			);
			path = View;
			sourceTree = "<group>";
		};
		AC60FA8C2A4A002200E6FD1A /* Router */ = {
			isa = PBXGroup;
			children = (
				AC60FA962A4B10E800E6FD1A /* InformationRouter.swift */,
				AC60FA982A4B11B500E6FD1A /* InformationRouterInput.swift */,
				AC60FA9A2A4B11F600E6FD1A /* InformationRouterOutput.swift */,
			);
			path = Router;
			sourceTree = "<group>";
		};
		AC60FA8D2A4A002900E6FD1A /* Presenter */ = {
			isa = PBXGroup;
			children = (
				AC60FA9C2A4B12EF00E6FD1A /* InformationPresenter.swift */,
				AC60FA9E2A4B157F00E6FD1A /* InformationPresenterInput.swift */,
				AC60FAA02A4B15A600E6FD1A /* InformationPresenterOutput.swift */,
			);
			path = Presenter;
			sourceTree = "<group>";
		};
		AC60FA8E2A4A003100E6FD1A /* Interactor */ = {
			isa = PBXGroup;
			children = (
				AC60FAA22A4B161700E6FD1A /* InformationInteractor.swift */,
				AC60FAA42A4B169F00E6FD1A /* InformationInteractorInput.swift */,
				AC60FAA62A4B16C300E6FD1A /* InformationInteractorOutput.swift */,
			);
			path = Interactor;
			sourceTree = "<group>";
		};
		AC60FA8F2A4A003C00E6FD1A /* Configurator */ = {
			isa = PBXGroup;
			children = (
				AC60FAA82A4B171A00E6FD1A /* InformationConfigurator.swift */,
			);
			path = Configurator;
			sourceTree = "<group>";
		};
		AC60FAAE2A4CA3E900E6FD1A /* Gender */ = {
			isa = PBXGroup;
			children = (
				AC60FAB32A4CA41900E6FD1A /* Configurator */,
				AC60FAB22A4CA41200E6FD1A /* Interactor */,
				AC60FAB12A4CA40C00E6FD1A /* Presenter */,
				AC60FAB02A4CA40600E6FD1A /* Router */,
				AC60FAAF2A4CA40200E6FD1A /* View */,
			);
			path = Gender;
			sourceTree = "<group>";
		};
		AC60FAAF2A4CA40200E6FD1A /* View */ = {
			isa = PBXGroup;
			children = (
				AC60FB062A55C73B00E6FD1A /* CollectionView */,
				AC60FAB42A4CA43400E6FD1A /* GenderView.swift */,
				AC60FABE2A4D75BA00E6FD1A /* GenderViewInput.swift */,
				AC60FAC02A4D75E800E6FD1A /* GenderViewOutput.swift */,
			);
			path = View;
			sourceTree = "<group>";
		};
		AC60FAB02A4CA40600E6FD1A /* Router */ = {
			isa = PBXGroup;
			children = (
				AC60FAB82A4D74B100E6FD1A /* GenderRouter.swift */,
				AC60FABA2A4D755D00E6FD1A /* GenderRouterInput.swift */,
				AC60FABC2A4D759600E6FD1A /* GenderRouterOutput.swift */,
			);
			path = Router;
			sourceTree = "<group>";
		};
		AC60FAB12A4CA40C00E6FD1A /* Presenter */ = {
			isa = PBXGroup;
			children = (
				AC60FAC22A4D76AF00E6FD1A /* GenderPresenter.swift */,
				AC60FAC42A4D77B400E6FD1A /* GenderPresenterInput.swift */,
				AC60FAC62A4D77D200E6FD1A /* GenderPresenterOutput.swift */,
			);
			path = Presenter;
			sourceTree = "<group>";
		};
		AC60FAB22A4CA41200E6FD1A /* Interactor */ = {
			isa = PBXGroup;
			children = (
				AC60FAC82A4D77EE00E6FD1A /* GenderInteractor.swift */,
				AC60FACA2A4D788B00E6FD1A /* GenderInteractorInput.swift */,
				AC60FACC2A4D78AF00E6FD1A /* GenderInteractorOutput.swift */,
				AC60FAD12A4DDD9D00E6FD1A /* GenderItems.swift */,
			);
			path = Interactor;
			sourceTree = "<group>";
		};
		AC60FAB32A4CA41900E6FD1A /* Configurator */ = {
			isa = PBXGroup;
			children = (
				AC60FAB62A4D742200E6FD1A /* GenderConfigurator.swift */,
			);
			path = Configurator;
			sourceTree = "<group>";
		};
		AC60FAD32A4DEE5D00E6FD1A /* Congrats */ = {
			isa = PBXGroup;
			children = (
				AC60FAD82A4DEEB400E6FD1A /* Configurator */,
				AC60FAD72A4DEEAD00E6FD1A /* Interactor */,
				AC60FAD62A4DEEA700E6FD1A /* Presenter */,
				AC60FAD52A4DEEA300E6FD1A /* Router */,
				AC60FAD42A4DEE9C00E6FD1A /* View */,
			);
			path = Congrats;
			sourceTree = "<group>";
		};
		AC60FAD42A4DEE9C00E6FD1A /* View */ = {
			isa = PBXGroup;
			children = (
				AC60FAD92A501C8D00E6FD1A /* CongratsView.swift */,
				AC60FADB2A501D5C00E6FD1A /* CongratsViewInput.swift */,
				AC60FADD2A501D8600E6FD1A /* CongratsViewOutput.swift */,
			);
			path = View;
			sourceTree = "<group>";
		};
		AC60FAD52A4DEEA300E6FD1A /* Router */ = {
			isa = PBXGroup;
			children = (
				AC60FADF2A501DED00E6FD1A /* CongratsRouter.swift */,
				AC60FAE12A501E9500E6FD1A /* CongratsRouterInput.swift */,
				AC60FAE32A501EB200E6FD1A /* CongratsRouterOutput.swift */,
			);
			path = Router;
			sourceTree = "<group>";
		};
		AC60FAD62A4DEEA700E6FD1A /* Presenter */ = {
			isa = PBXGroup;
			children = (
				AC60FAE52A501F2300E6FD1A /* CongratsPresenter.swift */,
				AC60FAE72A502A3300E6FD1A /* CongratsPresenterInput.swift */,
				AC60FAE92A502A5100E6FD1A /* CongratsPresenterOutput.swift */,
			);
			path = Presenter;
			sourceTree = "<group>";
		};
		AC60FAD72A4DEEAD00E6FD1A /* Interactor */ = {
			isa = PBXGroup;
			children = (
				AC60FAEB2A502A8E00E6FD1A /* CongratsInteractor.swift */,
				AC60FAED2A502B3500E6FD1A /* CongratsInteractorInput.swift */,
				AC60FAEF2A502B5300E6FD1A /* CongratsInteractorOutput.swift */,
			);
			path = Interactor;
			sourceTree = "<group>";
		};
		AC60FAD82A4DEEB400E6FD1A /* Configurator */ = {
			isa = PBXGroup;
			children = (
				AC60FAF12A502B9C00E6FD1A /* CongratsConfigurator.swift */,
			);
			path = Configurator;
			sourceTree = "<group>";
		};
		AC60FAF92A5595B800E6FD1A /* Localization */ = {
			isa = PBXGroup;
			children = (
				AC60FB002A559A6F00E6FD1A /* Localizable.strings */,
				AC60FAFC2A5599AC00E6FD1A /* Extension + String.swift */,
			);
			path = Localization;
			sourceTree = "<group>";
		};
		AC60FB062A55C73B00E6FD1A /* CollectionView */ = {
			isa = PBXGroup;
			children = (
				AC60FB092A594F7200E6FD1A /* GenderCollectionViewCell.swift */,
				AC60FB022A55AA9D00E6FD1A /* GenderCollectionViewAdapter.swift */,
			);
			path = CollectionView;
			sourceTree = "<group>";
		};
		AC97973E2AA5CCD90011EE94 /* Home */ = {
			isa = PBXGroup;
			children = (
				AC97973F2AA5CD020011EE94 /* Today */,
				AC9797702AC047E70011EE94 /* Stats */,
				AC9797922AC0491C0011EE94 /* Calendar */,
				AC004F782AF5175D000B50DA /* NewHabit */,
			);
			path = Home;
			sourceTree = "<group>";
		};
		AC97973F2AA5CD020011EE94 /* Today */ = {
			isa = PBXGroup;
			children = (
				AC9797442AA5CE2E0011EE94 /* Configurator */,
				AC9797432AA5CE280011EE94 /* Interactor */,
				AC9797422AA5CE220011EE94 /* Presenter */,
				AC9797412AA5CE1E0011EE94 /* Router */,
				AC9797402AA5CE180011EE94 /* View */,
			);
			path = Today;
			sourceTree = "<group>";
		};
		AC9797402AA5CE180011EE94 /* View */ = {
			isa = PBXGroup;
			children = (
				15D763272AC9B2E50025DBC4 /* Builders */,
				AC9797662ABA029B0011EE94 /* Cells */,
				AC97976F2ABDCEF00011EE94 /* Adapters */,
				AC9797452AA5CE870011EE94 /* TodayView.swift */,
				AC9797472AA5CEA00011EE94 /* TodayViewInput.swift */,
				AC9797492AA5CEAC0011EE94 /* TodayViewOutput.swift */,
			);
			path = View;
			sourceTree = "<group>";
		};
		AC9797412AA5CE1E0011EE94 /* Router */ = {
			isa = PBXGroup;
			children = (
				AC97974B2AA5CEBF0011EE94 /* TodayRouter.swift */,
				AC97974D2AA5CECC0011EE94 /* TodayRouterInput.swift */,
				AC97974F2AA5CEE10011EE94 /* TodayRouterOutput.swift */,
			);
			path = Router;
			sourceTree = "<group>";
		};
		AC9797422AA5CE220011EE94 /* Presenter */ = {
			isa = PBXGroup;
			children = (
				AC9797512AA5CEF50011EE94 /* TodayPresenter.swift */,
				AC9797532AA5CF060011EE94 /* TodayPresenterInput.swift */,
				AC9797552AA5CF1A0011EE94 /* TodayPresenterOutput.swift */,
			);
			path = Presenter;
			sourceTree = "<group>";
		};
		AC9797432AA5CE280011EE94 /* Interactor */ = {
			isa = PBXGroup;
			children = (
				AC9797572AA5CF270011EE94 /* TodayInteractor.swift */,
				AC9797592AA5CF340011EE94 /* TodayInteractorInput.swift */,
				AC97975B2AA5CF480011EE94 /* TodayInteractorOutput.swift */,
			);
			path = Interactor;
			sourceTree = "<group>";
		};
		AC9797442AA5CE2E0011EE94 /* Configurator */ = {
			isa = PBXGroup;
			children = (
				AC97975D2AA5CF550011EE94 /* TodayConfigurator.swift */,
			);
			path = Configurator;
			sourceTree = "<group>";
		};
		AC9797662ABA029B0011EE94 /* Cells */ = {
			isa = PBXGroup;
			children = (
				15D763252AC9B0B40025DBC4 /* CalendarTableCell */,
				AC004E2D2AD1C450000B50DA /* MultiStepTableCell */,
				AC9797BA2ACDCC280011EE94 /* OneStepTableCell */,
			);
			path = Cells;
			sourceTree = "<group>";
		};
		AC97976F2ABDCEF00011EE94 /* Adapters */ = {
			isa = PBXGroup;
			children = (
				AC9797672ABA02BD0011EE94 /* TodayTableViewAdapter.swift */,
			);
			path = Adapters;
			sourceTree = "<group>";
		};
		AC9797702AC047E70011EE94 /* Stats */ = {
			isa = PBXGroup;
			children = (
				AC9797752AC0482A0011EE94 /* Configurator */,
				AC9797742AC048230011EE94 /* Interactor */,
				AC9797732AC0481D0011EE94 /* Presenter */,
				AC9797722AC048180011EE94 /* Router */,
				AC9797712AC048140011EE94 /* View */,
			);
			path = Stats;
			sourceTree = "<group>";
		};
		AC9797712AC048140011EE94 /* View */ = {
			isa = PBXGroup;
			children = (
				AC9797762AC0483E0011EE94 /* StatsView.swift */,
				AC9797782AC048480011EE94 /* StatsViewInput.swift */,
				AC97977A2AC048520011EE94 /* StatsViewOutput.swift */,
			);
			path = View;
			sourceTree = "<group>";
		};
		AC9797722AC048180011EE94 /* Router */ = {
			isa = PBXGroup;
			children = (
				AC97977C2AC048650011EE94 /* StatsRouter.swift */,
				AC9797822AC048B10011EE94 /* StatsRouterInput.swift */,
				AC9797802AC048840011EE94 /* StatsRouterOutput.swift */,
			);
			path = Router;
			sourceTree = "<group>";
		};
		AC9797732AC0481D0011EE94 /* Presenter */ = {
			isa = PBXGroup;
			children = (
				AC9797842AC048BF0011EE94 /* StatsPresenter.swift */,
				AC9797862AC048C90011EE94 /* StatsPresenterInput.swift */,
				AC9797882AC048D20011EE94 /* StatsPresenterOutput.swift */,
			);
			path = Presenter;
			sourceTree = "<group>";
		};
		AC9797742AC048230011EE94 /* Interactor */ = {
			isa = PBXGroup;
			children = (
				AC97978A2AC048DE0011EE94 /* StatsInteractor.swift */,
				AC97978C2AC048EB0011EE94 /* StatsInteractorInput.swift */,
				AC97978E2AC048F90011EE94 /* StatsInteractorOutput.swift */,
			);
			path = Interactor;
			sourceTree = "<group>";
		};
		AC9797752AC0482A0011EE94 /* Configurator */ = {
			isa = PBXGroup;
			children = (
				AC9797902AC0490B0011EE94 /* StatsConfigurator.swift */,
			);
			path = Configurator;
			sourceTree = "<group>";
		};
		AC9797922AC0491C0011EE94 /* Calendar */ = {
			isa = PBXGroup;
			children = (
				AC9797972AC049620011EE94 /* Configurator */,
				AC9797962AC049560011EE94 /* Interactor */,
				AC9797952AC049510011EE94 /* Presenter */,
				AC9797942AC0494D0011EE94 /* Router */,
				AC9797932AC049470011EE94 /* View */,
			);
			path = Calendar;
			sourceTree = "<group>";
		};
		AC9797932AC049470011EE94 /* View */ = {
			isa = PBXGroup;
			children = (
				AC9797982AC0497A0011EE94 /* CalendarView.swift */,
				AC97979A2AC0498D0011EE94 /* CalendarViewInput.swift */,
				AC97979C2AC049A50011EE94 /* CalendarViewOutput.swift */,
			);
			path = View;
			sourceTree = "<group>";
		};
		AC9797942AC0494D0011EE94 /* Router */ = {
			isa = PBXGroup;
			children = (
				AC97979E2AC049B60011EE94 /* CalendarRouter.swift */,
				AC9797A02AC049C10011EE94 /* CalendarRouterInput.swift */,
				AC9797A22AC049CA0011EE94 /* CalendarRouterOutput.swift */,
			);
			path = Router;
			sourceTree = "<group>";
		};
		AC9797952AC049510011EE94 /* Presenter */ = {
			isa = PBXGroup;
			children = (
				AC9797A42AC049DD0011EE94 /* CalendarPresenter.swift */,
				AC9797A62AC049E90011EE94 /* CalendarPresenterInput.swift */,
				AC9797A82AC049F30011EE94 /* CalendarPresenterOutput.swift */,
			);
			path = Presenter;
			sourceTree = "<group>";
		};
		AC9797962AC049560011EE94 /* Interactor */ = {
			isa = PBXGroup;
			children = (
				AC9797AA2AC049FF0011EE94 /* CalendarInteractor.swift */,
				AC9797AC2AC04A0F0011EE94 /* CalendarInteractorInput.swift */,
				AC9797AE2AC04A1D0011EE94 /* CalendarInteractorOutput.swift */,
			);
			path = Interactor;
			sourceTree = "<group>";
		};
		AC9797972AC049620011EE94 /* Configurator */ = {
			isa = PBXGroup;
			children = (
				AC9797B02AC04A290011EE94 /* CalendarConfigurator.swift */,
			);
			path = Configurator;
			sourceTree = "<group>";
		};
		AC9797BA2ACDCC280011EE94 /* OneStepTableCell */ = {
			isa = PBXGroup;
			children = (
				AC9797BC2ACDCC740011EE94 /* OneStepTableViewCell.swift */,
			);
			path = OneStepTableCell;
			sourceTree = "<group>";
		};
/* End PBXGroup section */

/* Begin PBXNativeTarget section */
		AC60FA692A4464CD00E6FD1A /* HabitTracker */ = {
			isa = PBXNativeTarget;
			buildConfigurationList = AC60FA7E2A4464CE00E6FD1A /* Build configuration list for PBXNativeTarget "HabitTracker" */;
			buildPhases = (
				AC60FA662A4464CD00E6FD1A /* Sources */,
				AC60FA672A4464CD00E6FD1A /* Frameworks */,
				AC60FA682A4464CD00E6FD1A /* Resources */,
			);
			buildRules = (
			);
			dependencies = (
			);
			name = HabitTracker;
			packageProductDependencies = (
				15C340492AB7017400471019 /* Realm */,
				15C3404B2AB7017400471019 /* RealmSwift */,
			);
			productName = HabitTracker;
			productReference = AC60FA6A2A4464CD00E6FD1A /* HabitTracker.app */;
			productType = "com.apple.product-type.application";
		};
/* End PBXNativeTarget section */

/* Begin PBXProject section */
		AC60FA622A4464CD00E6FD1A /* Project object */ = {
			isa = PBXProject;
			attributes = {
				BuildIndependentTargetsInParallel = 1;
				LastSwiftUpdateCheck = 1430;
				LastUpgradeCheck = 1430;
				TargetAttributes = {
					AC60FA692A4464CD00E6FD1A = {
						CreatedOnToolsVersion = 14.3;
					};
				};
			};
			buildConfigurationList = AC60FA652A4464CD00E6FD1A /* Build configuration list for PBXProject "HabitTracker" */;
			compatibilityVersion = "Xcode 14.0";
			developmentRegion = en;
			hasScannedForEncodings = 0;
			knownRegions = (
				en,
				Base,
				ru,
			);
			mainGroup = AC60FA612A4464CD00E6FD1A;
			packageReferences = (
				15C340482AB7017400471019 /* XCRemoteSwiftPackageReference "realm-swift" */,
			);
			productRefGroup = AC60FA6B2A4464CD00E6FD1A /* Products */;
			projectDirPath = "";
			projectRoot = "";
			targets = (
				AC60FA692A4464CD00E6FD1A /* HabitTracker */,
			);
		};
/* End PBXProject section */

/* Begin PBXResourcesBuildPhase section */
		AC60FA682A4464CD00E6FD1A /* Resources */ = {
			isa = PBXResourcesBuildPhase;
			buildActionMask = 2147483647;
			files = (
				AC60FA7A2A4464CE00E6FD1A /* LaunchScreen.storyboard in Resources */,
				AC60FAFE2A559A6F00E6FD1A /* Localizable.strings in Resources */,
				AC60FA772A4464CE00E6FD1A /* Assets.xcassets in Resources */,
				AC60FA752A4464CD00E6FD1A /* Main.storyboard in Resources */,
			);
			runOnlyForDeploymentPostprocessing = 0;
		};
/* End PBXResourcesBuildPhase section */

/* Begin PBXSourcesBuildPhase section */
		AC60FA662A4464CD00E6FD1A /* Sources */ = {
			isa = PBXSourcesBuildPhase;
			buildActionMask = 2147483647;
			files = (
				AC60FA722A4464CD00E6FD1A /* WelcomeView.swift in Sources */,
				15F7CE442A4844CE00F6041F /* WelcomePresenter.swift in Sources */,
				AC97976A2ABA06A60011EE94 /* CalendarCollectionViewCell.swift in Sources */,
				15D763292AC9B3040025DBC4 /* CalendarItemTableCellBuilder.swift in Sources */,
				AC60FAF22A502B9C00E6FD1A /* CongratsConfigurator.swift in Sources */,
				AC004F8D2AF5183E000B50DA /* NewHabitPresenterInput.swift in Sources */,
				15F7CE582A48489A00F6041F /* WelcomeRouterOutput.swift in Sources */,
				AC9797462AA5CE870011EE94 /* TodayView.swift in Sources */,
				AC9797562AA5CF1A0011EE94 /* TodayPresenterOutput.swift in Sources */,
				AC60FAE62A501F2300E6FD1A /* CongratsPresenter.swift in Sources */,
				AC9797AB2AC049FF0011EE94 /* CalendarInteractor.swift in Sources */,
				AC60FAA92A4B171A00E6FD1A /* InformationConfigurator.swift in Sources */,
				AC60FA9D2A4B12EF00E6FD1A /* InformationPresenter.swift in Sources */,
				AC60FAE82A502A3300E6FD1A /* CongratsPresenterInput.swift in Sources */,
				AC97974A2AA5CEAC0011EE94 /* TodayViewOutput.swift in Sources */,
				AC004F8F2AF51846000B50DA /* NewHabitPresenterOutput.swift in Sources */,
				AC60FAEC2A502A8E00E6FD1A /* CongratsInteractor.swift in Sources */,
				AC004F952AF5186D000B50DA /* NewHabitInteractorOutput.swift in Sources */,
				AC97975E2AA5CF550011EE94 /* TodayConfigurator.swift in Sources */,
				AC60FAF02A502B5300E6FD1A /* CongratsInteractorOutput.swift in Sources */,
				AC97979F2AC049B60011EE94 /* CalendarRouter.swift in Sources */,
				15F7CE502A48476100F6041F /* WelcomeInteractorInput.swift in Sources */,
				15F7CE4E2A4846EA00F6041F /* WelcomeInteractor.swift in Sources */,
				AC9797852AC048BF0011EE94 /* StatsPresenter.swift in Sources */,
				AC9797542AA5CF060011EE94 /* TodayPresenterInput.swift in Sources */,
				AC60FABD2A4D759600E6FD1A /* GenderRouterOutput.swift in Sources */,
				AC9797BD2ACDCC740011EE94 /* OneStepTableViewCell.swift in Sources */,
				AC9797B92AC806E10011EE94 /* CalendarTableViewCell.swift in Sources */,
				AC97975A2AA5CF340011EE94 /* TodayInteractorInput.swift in Sources */,
				AC60FAAD2A4C5BEF00E6FD1A /* DatePicker.swift in Sources */,
				AC9797792AC048480011EE94 /* StatsViewInput.swift in Sources */,
				AC004F8B2AF51834000B50DA /* NewHabitPresenter.swift in Sources */,
				AC9797582AA5CF270011EE94 /* TodayInteractor.swift in Sources */,
				AC004F912AF51852000B50DA /* NewHabitInteractor.swift in Sources */,
				AC004F752AD8549D000B50DA /* MultiStepBuilder.swift in Sources */,
				AC9797A72AC049E90011EE94 /* CalendarPresenterInput.swift in Sources */,
				AC60FAC12A4D75E800E6FD1A /* GenderViewOutput.swift in Sources */,
				AC9797A92AC049F30011EE94 /* CalendarPresenterOutput.swift in Sources */,
				AC97975C2AA5CF480011EE94 /* TodayInteractorOutput.swift in Sources */,
				AC60FAEA2A502A5100E6FD1A /* CongratsPresenterOutput.swift in Sources */,
				AC9797A52AC049DD0011EE94 /* CalendarPresenter.swift in Sources */,
				AC60FABB2A4D755D00E6FD1A /* GenderRouterInput.swift in Sources */,
				15F7CE482A48464200F6041F /* WelcomeViewOutput.swift in Sources */,
				AC60FA992A4B11B500E6FD1A /* InformationRouterInput.swift in Sources */,
				AC60FAC32A4D76AF00E6FD1A /* GenderPresenter.swift in Sources */,
				15F7CE462A48463700F6041F /* WelcomeViewInput.swift in Sources */,
				AC60FAE22A501E9500E6FD1A /* CongratsRouterInput.swift in Sources */,
				AC60FAF42A541F1800E6FD1A /* Enums.swift in Sources */,
				AC004F872AF5180C000B50DA /* NewHabitRouterInput.swift in Sources */,
				AC60FAA72A4B16C300E6FD1A /* InformationInteractorOutput.swift in Sources */,
				15F7CE522A48476A00F6041F /* WelcomeInteractorOutput.swift in Sources */,
				AC9797AD2AC04A0F0011EE94 /* CalendarInteractorInput.swift in Sources */,
				AC004F772AE2C9B2000B50DA /* CheckBox.swift in Sources */,
				AC60FA952A4A016B00E6FD1A /* InformationViewOutput.swift in Sources */,
				AC004F812AF517D6000B50DA /* NewHabitViewInput.swift in Sources */,
				15F7CE562A48489100F6041F /* WelcomeRouterInput.swift in Sources */,
				AC004F9E2AF527B6000B50DA /* NewHabitTableCell.swift in Sources */,
				AC60FAA52A4B169F00E6FD1A /* InformationInteractorInput.swift in Sources */,
				15F7CE4A2A48469400F6041F /* WelcomePresenterInput.swift in Sources */,
				AC60FA972A4B10E800E6FD1A /* InformationRouter.swift in Sources */,
				AC60FADA2A501C8D00E6FD1A /* CongratsView.swift in Sources */,
				AC60FA932A4A011300E6FD1A /* InformationViewInput.swift in Sources */,
				AC9797652AAF82C20011EE94 /* StackScreenView.swift in Sources */,
				AC004F722AD6F4EE000B50DA /* BuilderProtocol.swift in Sources */,
				AC60FA6E2A4464CD00E6FD1A /* AppDelegate.swift in Sources */,
				AC97974E2AA5CECC0011EE94 /* TodayRouterInput.swift in Sources */,
				15F7CE5B2A484ACB00F6041F /* WelcomeConfigurator.swift in Sources */,
				AC9797772AC0483E0011EE94 /* StatsView.swift in Sources */,
				AC004F9B2AF52378000B50DA /* NewHabitTableViewAdapter.swift in Sources */,
				AC9797912AC0490B0011EE94 /* StatsConfigurator.swift in Sources */,
				AC97978F2AC048F90011EE94 /* StatsInteractorOutput.swift in Sources */,
				AC9797502AA5CEE10011EE94 /* TodayRouterOutput.swift in Sources */,
				AC9797B12AC04A290011EE94 /* CalendarConfigurator.swift in Sources */,
				AC60FB082A56B6F300E6FD1A /* CustomTextFieldValidator.swift in Sources */,
				AC004F7F2AF517C6000B50DA /* NewHabitView.swift in Sources */,
				AC97979B2AC0498D0011EE94 /* CalendarViewInput.swift in Sources */,
				AC004F932AF51861000B50DA /* NewHabitInteractorInput.swift in Sources */,
				15F7CE4C2A4846A200F6041F /* WelcomePresenterOutput.swift in Sources */,
				AC60FAA12A4B15A600E6FD1A /* InformationPresenterOutput.swift in Sources */,
				AC60FA702A4464CD00E6FD1A /* SceneDelegate.swift in Sources */,
				AC60FB032A55AA9D00E6FD1A /* GenderCollectionViewAdapter.swift in Sources */,
				AC97977D2AC048650011EE94 /* StatsRouter.swift in Sources */,
				AC9797482AA5CEA00011EE94 /* TodayViewInput.swift in Sources */,
				AC60FACD2A4D78AF00E6FD1A /* GenderInteractorOutput.swift in Sources */,
				AC9797BF2ACDE4B60011EE94 /* OneStepItemTableCellBuilder.swift in Sources */,
				AC97976C2ABB22F40011EE94 /* MultiStepCollectionViewCell.swift in Sources */,
				AC9797682ABA02BD0011EE94 /* TodayTableViewAdapter.swift in Sources */,
				AC60FADC2A501D5C00E6FD1A /* CongratsViewInput.swift in Sources */,
				AC60FA912A4A005B00E6FD1A /* InformationView.swift in Sources */,
				AC97978B2AC048DE0011EE94 /* StatsInteractor.swift in Sources */,
				AC9797832AC048B10011EE94 /* StatsRouterInput.swift in Sources */,
				AC60FAFD2A5599AC00E6FD1A /* Extension + String.swift in Sources */,
				AC9797522AA5CEF50011EE94 /* TodayPresenter.swift in Sources */,
				AC60FA9F2A4B157F00E6FD1A /* InformationPresenterInput.swift in Sources */,
				AC9797892AC048D20011EE94 /* StatsPresenterOutput.swift in Sources */,
				AC004F852AF51800000B50DA /* NewHabitRouter.swift in Sources */,
				AC004F982AF51894000B50DA /* NewHabitConfigurator.swift in Sources */,
				AC9797812AC048840011EE94 /* StatsRouterOutput.swift in Sources */,
				AC60FAD22A4DDD9D00E6FD1A /* GenderItems.swift in Sources */,
				AC97979D2AC049A50011EE94 /* CalendarViewOutput.swift in Sources */,
				AC60FB0A2A594F7200E6FD1A /* GenderCollectionViewCell.swift in Sources */,
				15F7CE542A48488000F6041F /* WelcomeRouter.swift in Sources */,
				AC97977B2AC048520011EE94 /* StatsViewOutput.swift in Sources */,
				AC60FAE42A501EB200E6FD1A /* CongratsRouterOutput.swift in Sources */,
				AC60FAB52A4CA43400E6FD1A /* GenderView.swift in Sources */,
				AC60FAB92A4D74B100E6FD1A /* GenderRouter.swift in Sources */,
				AC004F832AF517E0000B50DA /* NewHabitViewOutput.swift in Sources */,
				AC60FADE2A501D8600E6FD1A /* CongratsViewOutput.swift in Sources */,
				AC97974C2AA5CEBF0011EE94 /* TodayRouter.swift in Sources */,
				AC60FA872A45AFB200E6FD1A /* StyledLabel.swift in Sources */,
				AC004F892AF51814000B50DA /* NewHabitRouterOutput.swift in Sources */,
				AC9797AF2AC04A1D0011EE94 /* CalendarInteractorOutput.swift in Sources */,
				AC60FAE02A501DED00E6FD1A /* CongratsRouter.swift in Sources */,
				AC97978D2AC048EB0011EE94 /* StatsInteractorInput.swift in Sources */,
				AC60FACB2A4D788B00E6FD1A /* GenderInteractorInput.swift in Sources */,
				15C340502AB7019000471019 /* User.swift in Sources */,
				AC60FABF2A4D75BA00E6FD1A /* GenderViewInput.swift in Sources */,
				AC60FAEE2A502B3500E6FD1A /* CongratsInteractorInput.swift in Sources */,
				AC60FA892A47102D00E6FD1A /* CustomButtons.swift in Sources */,
				AC60FA9B2A4B11F600E6FD1A /* InformationRouterOutput.swift in Sources */,
				AC9797B52AC173370011EE94 /* CustomTabBar.swift in Sources */,
				AC60FAAB2A4C585200E6FD1A /* CustomTextFields.swift in Sources */,
				AC60FAC72A4D77D200E6FD1A /* GenderPresenterOutput.swift in Sources */,
				AC60FB0C2A60835400E6FD1A /* Extensions.swift in Sources */,
				AC9797992AC0497A0011EE94 /* CalendarView.swift in Sources */,
				AC9797872AC048C90011EE94 /* StatsPresenterInput.swift in Sources */,
				AC60FAC92A4D77EE00E6FD1A /* GenderInteractor.swift in Sources */,
				AC9797A32AC049CA0011EE94 /* CalendarRouterOutput.swift in Sources */,
				AC60FAA32A4B161700E6FD1A /* InformationInteractor.swift in Sources */,
				AC004E302AD1C49A000B50DA /* MultiStepTableViewCell.swift in Sources */,
				AC9797A12AC049C10011EE94 /* CalendarRouterInput.swift in Sources */,
				AC60FAC52A4D77B400E6FD1A /* GenderPresenterInput.swift in Sources */,
				AC60FAB72A4D742200E6FD1A /* GenderConfigurator.swift in Sources */,
			);
			runOnlyForDeploymentPostprocessing = 0;
		};
/* End PBXSourcesBuildPhase section */

/* Begin PBXVariantGroup section */
		AC60FA732A4464CD00E6FD1A /* Main.storyboard */ = {
			isa = PBXVariantGroup;
			children = (
				AC60FA742A4464CD00E6FD1A /* Base */,
				AC60FAF52A55948100E6FD1A /* ru */,
			);
			name = Main.storyboard;
			sourceTree = "<group>";
		};
		AC60FA782A4464CE00E6FD1A /* LaunchScreen.storyboard */ = {
			isa = PBXVariantGroup;
			children = (
				AC60FA792A4464CE00E6FD1A /* Base */,
				AC60FAF62A55948100E6FD1A /* ru */,
			);
			name = LaunchScreen.storyboard;
			sourceTree = "<group>";
		};
		AC60FB002A559A6F00E6FD1A /* Localizable.strings */ = {
			isa = PBXVariantGroup;
			children = (
				AC60FAFF2A559A6F00E6FD1A /* en */,
				AC60FB012A559A7300E6FD1A /* ru */,
			);
			name = Localizable.strings;
			sourceTree = "<group>";
		};
/* End PBXVariantGroup section */

/* Begin XCBuildConfiguration section */
		AC60FA7C2A4464CE00E6FD1A /* Debug */ = {
			isa = XCBuildConfiguration;
			buildSettings = {
				ALWAYS_SEARCH_USER_PATHS = NO;
				CLANG_ANALYZER_LOCALIZABILITY_NONLOCALIZED = YES;
				CLANG_ANALYZER_NONNULL = YES;
				CLANG_ANALYZER_NUMBER_OBJECT_CONVERSION = YES_AGGRESSIVE;
				CLANG_CXX_LANGUAGE_STANDARD = "gnu++20";
				CLANG_ENABLE_MODULES = YES;
				CLANG_ENABLE_OBJC_ARC = YES;
				CLANG_ENABLE_OBJC_WEAK = YES;
				CLANG_WARN_BLOCK_CAPTURE_AUTORELEASING = YES;
				CLANG_WARN_BOOL_CONVERSION = YES;
				CLANG_WARN_COMMA = YES;
				CLANG_WARN_CONSTANT_CONVERSION = YES;
				CLANG_WARN_DEPRECATED_OBJC_IMPLEMENTATIONS = YES;
				CLANG_WARN_DIRECT_OBJC_ISA_USAGE = YES_ERROR;
				CLANG_WARN_DOCUMENTATION_COMMENTS = YES;
				CLANG_WARN_EMPTY_BODY = YES;
				CLANG_WARN_ENUM_CONVERSION = YES;
				CLANG_WARN_INFINITE_RECURSION = YES;
				CLANG_WARN_INT_CONVERSION = YES;
				CLANG_WARN_NON_LITERAL_NULL_CONVERSION = YES;
				CLANG_WARN_OBJC_IMPLICIT_RETAIN_SELF = YES;
				CLANG_WARN_OBJC_LITERAL_CONVERSION = YES;
				CLANG_WARN_OBJC_ROOT_CLASS = YES_ERROR;
				CLANG_WARN_QUOTED_INCLUDE_IN_FRAMEWORK_HEADER = YES;
				CLANG_WARN_RANGE_LOOP_ANALYSIS = YES;
				CLANG_WARN_STRICT_PROTOTYPES = YES;
				CLANG_WARN_SUSPICIOUS_MOVE = YES;
				CLANG_WARN_UNGUARDED_AVAILABILITY = YES_AGGRESSIVE;
				CLANG_WARN_UNREACHABLE_CODE = YES;
				CLANG_WARN__DUPLICATE_METHOD_MATCH = YES;
				COPY_PHASE_STRIP = NO;
				DEBUG_INFORMATION_FORMAT = dwarf;
				ENABLE_STRICT_OBJC_MSGSEND = YES;
				ENABLE_TESTABILITY = YES;
				GCC_C_LANGUAGE_STANDARD = gnu11;
				GCC_DYNAMIC_NO_PIC = NO;
				GCC_NO_COMMON_BLOCKS = YES;
				GCC_OPTIMIZATION_LEVEL = 0;
				GCC_PREPROCESSOR_DEFINITIONS = (
					"DEBUG=1",
					"$(inherited)",
				);
				GCC_WARN_64_TO_32_BIT_CONVERSION = YES;
				GCC_WARN_ABOUT_RETURN_TYPE = YES_ERROR;
				GCC_WARN_UNDECLARED_SELECTOR = YES;
				GCC_WARN_UNINITIALIZED_AUTOS = YES_AGGRESSIVE;
				GCC_WARN_UNUSED_FUNCTION = YES;
				GCC_WARN_UNUSED_VARIABLE = YES;
				IPHONEOS_DEPLOYMENT_TARGET = 16.4;
				MTL_ENABLE_DEBUG_INFO = INCLUDE_SOURCE;
				MTL_FAST_MATH = YES;
				ONLY_ACTIVE_ARCH = YES;
				SDKROOT = iphoneos;
				SWIFT_ACTIVE_COMPILATION_CONDITIONS = DEBUG;
				SWIFT_OPTIMIZATION_LEVEL = "-Onone";
			};
			name = Debug;
		};
		AC60FA7D2A4464CE00E6FD1A /* Release */ = {
			isa = XCBuildConfiguration;
			buildSettings = {
				ALWAYS_SEARCH_USER_PATHS = NO;
				CLANG_ANALYZER_LOCALIZABILITY_NONLOCALIZED = YES;
				CLANG_ANALYZER_NONNULL = YES;
				CLANG_ANALYZER_NUMBER_OBJECT_CONVERSION = YES_AGGRESSIVE;
				CLANG_CXX_LANGUAGE_STANDARD = "gnu++20";
				CLANG_ENABLE_MODULES = YES;
				CLANG_ENABLE_OBJC_ARC = YES;
				CLANG_ENABLE_OBJC_WEAK = YES;
				CLANG_WARN_BLOCK_CAPTURE_AUTORELEASING = YES;
				CLANG_WARN_BOOL_CONVERSION = YES;
				CLANG_WARN_COMMA = YES;
				CLANG_WARN_CONSTANT_CONVERSION = YES;
				CLANG_WARN_DEPRECATED_OBJC_IMPLEMENTATIONS = YES;
				CLANG_WARN_DIRECT_OBJC_ISA_USAGE = YES_ERROR;
				CLANG_WARN_DOCUMENTATION_COMMENTS = YES;
				CLANG_WARN_EMPTY_BODY = YES;
				CLANG_WARN_ENUM_CONVERSION = YES;
				CLANG_WARN_INFINITE_RECURSION = YES;
				CLANG_WARN_INT_CONVERSION = YES;
				CLANG_WARN_NON_LITERAL_NULL_CONVERSION = YES;
				CLANG_WARN_OBJC_IMPLICIT_RETAIN_SELF = YES;
				CLANG_WARN_OBJC_LITERAL_CONVERSION = YES;
				CLANG_WARN_OBJC_ROOT_CLASS = YES_ERROR;
				CLANG_WARN_QUOTED_INCLUDE_IN_FRAMEWORK_HEADER = YES;
				CLANG_WARN_RANGE_LOOP_ANALYSIS = YES;
				CLANG_WARN_STRICT_PROTOTYPES = YES;
				CLANG_WARN_SUSPICIOUS_MOVE = YES;
				CLANG_WARN_UNGUARDED_AVAILABILITY = YES_AGGRESSIVE;
				CLANG_WARN_UNREACHABLE_CODE = YES;
				CLANG_WARN__DUPLICATE_METHOD_MATCH = YES;
				COPY_PHASE_STRIP = NO;
				DEBUG_INFORMATION_FORMAT = "dwarf-with-dsym";
				ENABLE_NS_ASSERTIONS = NO;
				ENABLE_STRICT_OBJC_MSGSEND = YES;
				GCC_C_LANGUAGE_STANDARD = gnu11;
				GCC_NO_COMMON_BLOCKS = YES;
				GCC_WARN_64_TO_32_BIT_CONVERSION = YES;
				GCC_WARN_ABOUT_RETURN_TYPE = YES_ERROR;
				GCC_WARN_UNDECLARED_SELECTOR = YES;
				GCC_WARN_UNINITIALIZED_AUTOS = YES_AGGRESSIVE;
				GCC_WARN_UNUSED_FUNCTION = YES;
				GCC_WARN_UNUSED_VARIABLE = YES;
				IPHONEOS_DEPLOYMENT_TARGET = 16.4;
				MTL_ENABLE_DEBUG_INFO = NO;
				MTL_FAST_MATH = YES;
				SDKROOT = iphoneos;
				SWIFT_COMPILATION_MODE = wholemodule;
				SWIFT_OPTIMIZATION_LEVEL = "-O";
				VALIDATE_PRODUCT = YES;
			};
			name = Release;
		};
		AC60FA7F2A4464CE00E6FD1A /* Debug */ = {
			isa = XCBuildConfiguration;
			buildSettings = {
				ASSETCATALOG_COMPILER_APPICON_NAME = AppIcon;
				ASSETCATALOG_COMPILER_GLOBAL_ACCENT_COLOR_NAME = AccentColor;
				CODE_SIGN_STYLE = Automatic;
				CURRENT_PROJECT_VERSION = 1;
				DEVELOPMENT_TEAM = 3MFA2WVJSU;
				GENERATE_INFOPLIST_FILE = YES;
				INFOPLIST_FILE = HabitTracker/Info.plist;
				INFOPLIST_KEY_UIApplicationSupportsIndirectInputEvents = YES;
				INFOPLIST_KEY_UILaunchStoryboardName = LaunchScreen;
				INFOPLIST_KEY_UIMainStoryboardFile = Main;
				INFOPLIST_KEY_UISupportedInterfaceOrientations_iPad = "UIInterfaceOrientationPortrait UIInterfaceOrientationPortraitUpsideDown UIInterfaceOrientationLandscapeLeft UIInterfaceOrientationLandscapeRight";
				INFOPLIST_KEY_UISupportedInterfaceOrientations_iPhone = "UIInterfaceOrientationPortrait UIInterfaceOrientationLandscapeLeft UIInterfaceOrientationLandscapeRight";
				INFOPLIST_KEY_UIUserInterfaceStyle = Dark;
				LD_RUNPATH_SEARCH_PATHS = (
					"$(inherited)",
					"@executable_path/Frameworks",
				);
				MARKETING_VERSION = 1.0;
				PRODUCT_BUNDLE_IDENTIFIER = test.HabitTracker;
				PRODUCT_NAME = "$(TARGET_NAME)";
				SWIFT_EMIT_LOC_STRINGS = YES;
				SWIFT_VERSION = 5.0;
				TARGETED_DEVICE_FAMILY = "1,2";
			};
			name = Debug;
		};
		AC60FA802A4464CE00E6FD1A /* Release */ = {
			isa = XCBuildConfiguration;
			buildSettings = {
				ASSETCATALOG_COMPILER_APPICON_NAME = AppIcon;
				ASSETCATALOG_COMPILER_GLOBAL_ACCENT_COLOR_NAME = AccentColor;
				CODE_SIGN_STYLE = Automatic;
				CURRENT_PROJECT_VERSION = 1;
				DEVELOPMENT_TEAM = 3MFA2WVJSU;
				GENERATE_INFOPLIST_FILE = YES;
				INFOPLIST_FILE = HabitTracker/Info.plist;
				INFOPLIST_KEY_UIApplicationSupportsIndirectInputEvents = YES;
				INFOPLIST_KEY_UILaunchStoryboardName = LaunchScreen;
				INFOPLIST_KEY_UIMainStoryboardFile = Main;
				INFOPLIST_KEY_UISupportedInterfaceOrientations_iPad = "UIInterfaceOrientationPortrait UIInterfaceOrientationPortraitUpsideDown UIInterfaceOrientationLandscapeLeft UIInterfaceOrientationLandscapeRight";
				INFOPLIST_KEY_UISupportedInterfaceOrientations_iPhone = "UIInterfaceOrientationPortrait UIInterfaceOrientationLandscapeLeft UIInterfaceOrientationLandscapeRight";
				INFOPLIST_KEY_UIUserInterfaceStyle = Dark;
				LD_RUNPATH_SEARCH_PATHS = (
					"$(inherited)",
					"@executable_path/Frameworks",
				);
				MARKETING_VERSION = 1.0;
				PRODUCT_BUNDLE_IDENTIFIER = test.HabitTracker;
				PRODUCT_NAME = "$(TARGET_NAME)";
				SWIFT_EMIT_LOC_STRINGS = YES;
				SWIFT_VERSION = 5.0;
				TARGETED_DEVICE_FAMILY = "1,2";
			};
			name = Release;
		};
/* End XCBuildConfiguration section */

/* Begin XCConfigurationList section */
		AC60FA652A4464CD00E6FD1A /* Build configuration list for PBXProject "HabitTracker" */ = {
			isa = XCConfigurationList;
			buildConfigurations = (
				AC60FA7C2A4464CE00E6FD1A /* Debug */,
				AC60FA7D2A4464CE00E6FD1A /* Release */,
			);
			defaultConfigurationIsVisible = 0;
			defaultConfigurationName = Release;
		};
		AC60FA7E2A4464CE00E6FD1A /* Build configuration list for PBXNativeTarget "HabitTracker" */ = {
			isa = XCConfigurationList;
			buildConfigurations = (
				AC60FA7F2A4464CE00E6FD1A /* Debug */,
				AC60FA802A4464CE00E6FD1A /* Release */,
			);
			defaultConfigurationIsVisible = 0;
			defaultConfigurationName = Release;
		};
/* End XCConfigurationList section */

/* Begin XCRemoteSwiftPackageReference section */
		15C340482AB7017400471019 /* XCRemoteSwiftPackageReference "realm-swift" */ = {
			isa = XCRemoteSwiftPackageReference;
			repositoryURL = "https://github.com/realm/realm-swift.git";
			requirement = {
				branch = master;
				kind = branch;
			};
		};
/* End XCRemoteSwiftPackageReference section */

/* Begin XCSwiftPackageProductDependency section */
		15C340492AB7017400471019 /* Realm */ = {
			isa = XCSwiftPackageProductDependency;
			package = 15C340482AB7017400471019 /* XCRemoteSwiftPackageReference "realm-swift" */;
			productName = Realm;
		};
		15C3404B2AB7017400471019 /* RealmSwift */ = {
			isa = XCSwiftPackageProductDependency;
			package = 15C340482AB7017400471019 /* XCRemoteSwiftPackageReference "realm-swift" */;
			productName = RealmSwift;
		};
/* End XCSwiftPackageProductDependency section */
	};
	rootObject = AC60FA622A4464CD00E6FD1A /* Project object */;
}
